// !$*UTF8*$!
{
	archiveVersion = 1;
	classes = {
	};
	objectVersion = 50;
	objects = {

/* Begin PBXBuildFile section */
		845F692E21CB986500BFD877 /* AppDelegate.swift in Sources */ = {isa = PBXBuildFile; fileRef = 845F692D21CB986500BFD877 /* AppDelegate.swift */; };
		845F693021CB986500BFD877 /* ViewController.swift in Sources */ = {isa = PBXBuildFile; fileRef = 845F692F21CB986500BFD877 /* ViewController.swift */; };
		845F693321CB986500BFD877 /* Main.storyboard in Resources */ = {isa = PBXBuildFile; fileRef = 845F693121CB986500BFD877 /* Main.storyboard */; };
		845F693521CB986600BFD877 /* Assets.xcassets in Resources */ = {isa = PBXBuildFile; fileRef = 845F693421CB986600BFD877 /* Assets.xcassets */; };
		845F693821CB986600BFD877 /* LaunchScreen.storyboard in Resources */ = {isa = PBXBuildFile; fileRef = 845F693621CB986600BFD877 /* LaunchScreen.storyboard */; };
		845F693F21CB98BD00BFD877 /* Shader.metal in Sources */ = {isa = PBXBuildFile; fileRef = 845F693D21CB98BD00BFD877 /* Shader.metal */; };
		845F694021CB98BD00BFD877 /* Renderer.swift in Sources */ = {isa = PBXBuildFile; fileRef = 845F693E21CB98BD00BFD877 /* Renderer.swift */; };
		846AF0BA21CB9F2400E2415B /* Node.swift in Sources */ = {isa = PBXBuildFile; fileRef = 846AF0B921CB9F2400E2415B /* Node.swift */; };
		846AF0BC21CBA16900E2415B /* Plane.swift in Sources */ = {isa = PBXBuildFile; fileRef = 846AF0BB21CBA16900E2415B /* Plane.swift */; };
		846AF0BF21CBB12B00E2415B /* Scene.swift in Sources */ = {isa = PBXBuildFile; fileRef = 846AF0BE21CBB12B00E2415B /* Scene.swift */; };
		849CD3F221CBB18B00FC7ECA /* GameScene.swift in Sources */ = {isa = PBXBuildFile; fileRef = 849CD3F121CBB18B00FC7ECA /* GameScene.swift */; };
		849CD3F421CBB8C900FC7ECA /* Renderable.swift in Sources */ = {isa = PBXBuildFile; fileRef = 849CD3F321CBB8C900FC7ECA /* Renderable.swift */; };
		849F9E3621C7C70D001F4D2D /* AppDelegate.swift in Sources */ = {isa = PBXBuildFile; fileRef = 849F9E3521C7C70D001F4D2D /* AppDelegate.swift */; };
		849F9E3821C7C70D001F4D2D /* ViewController.swift in Sources */ = {isa = PBXBuildFile; fileRef = 849F9E3721C7C70D001F4D2D /* ViewController.swift */; };
		849F9E3B21C7C70D001F4D2D /* Main.storyboard in Resources */ = {isa = PBXBuildFile; fileRef = 849F9E3921C7C70D001F4D2D /* Main.storyboard */; };
		849F9E3D21C7C70E001F4D2D /* Assets.xcassets in Resources */ = {isa = PBXBuildFile; fileRef = 849F9E3C21C7C70E001F4D2D /* Assets.xcassets */; };
		849F9E4021C7C70E001F4D2D /* LaunchScreen.storyboard in Resources */ = {isa = PBXBuildFile; fileRef = 849F9E3E21C7C70E001F4D2D /* LaunchScreen.storyboard */; };
		849F9E4621C7C728001F4D2D /* Renderer.swift in Sources */ = {isa = PBXBuildFile; fileRef = 849F9E4521C7C728001F4D2D /* Renderer.swift */; };
		849F9E4E21C7C8D8001F4D2D /* AppDelegate.swift in Sources */ = {isa = PBXBuildFile; fileRef = 849F9E4D21C7C8D8001F4D2D /* AppDelegate.swift */; };
		849F9E5021C7C8D8001F4D2D /* ViewController.swift in Sources */ = {isa = PBXBuildFile; fileRef = 849F9E4F21C7C8D8001F4D2D /* ViewController.swift */; };
		849F9E5321C7C8D8001F4D2D /* Main.storyboard in Resources */ = {isa = PBXBuildFile; fileRef = 849F9E5121C7C8D8001F4D2D /* Main.storyboard */; };
		849F9E5521C7C8D8001F4D2D /* Assets.xcassets in Resources */ = {isa = PBXBuildFile; fileRef = 849F9E5421C7C8D8001F4D2D /* Assets.xcassets */; };
		849F9E5821C7C8D8001F4D2D /* LaunchScreen.storyboard in Resources */ = {isa = PBXBuildFile; fileRef = 849F9E5621C7C8D8001F4D2D /* LaunchScreen.storyboard */; };
		849F9E6821C7CE10001F4D2D /* AppDelegate.swift in Sources */ = {isa = PBXBuildFile; fileRef = 849F9E6721C7CE10001F4D2D /* AppDelegate.swift */; };
		849F9E6A21C7CE10001F4D2D /* ViewController.swift in Sources */ = {isa = PBXBuildFile; fileRef = 849F9E6921C7CE10001F4D2D /* ViewController.swift */; };
		849F9E6D21C7CE10001F4D2D /* Main.storyboard in Resources */ = {isa = PBXBuildFile; fileRef = 849F9E6B21C7CE10001F4D2D /* Main.storyboard */; };
		849F9E6F21C7CE10001F4D2D /* Assets.xcassets in Resources */ = {isa = PBXBuildFile; fileRef = 849F9E6E21C7CE10001F4D2D /* Assets.xcassets */; };
		849F9E7221C7CE10001F4D2D /* LaunchScreen.storyboard in Resources */ = {isa = PBXBuildFile; fileRef = 849F9E7021C7CE10001F4D2D /* LaunchScreen.storyboard */; };
		849F9E7921C7CE37001F4D2D /* Shader.metal in Sources */ = {isa = PBXBuildFile; fileRef = 849F9E5F21C7CB3E001F4D2D /* Shader.metal */; };
		849F9E7A21C7CE37001F4D2D /* Renderer.swift in Sources */ = {isa = PBXBuildFile; fileRef = 849F9E5D21C7C972001F4D2D /* Renderer.swift */; };
		849F9E7D21C7CE63001F4D2D /* Shader.metal in Sources */ = {isa = PBXBuildFile; fileRef = 849F9E7B21C7CE62001F4D2D /* Shader.metal */; };
		849F9E7E21C7CE63001F4D2D /* Renderer.swift in Sources */ = {isa = PBXBuildFile; fileRef = 849F9E7C21C7CE62001F4D2D /* Renderer.swift */; };
		849F9E8621C7D4D7001F4D2D /* AppDelegate.swift in Sources */ = {isa = PBXBuildFile; fileRef = 849F9E8521C7D4D7001F4D2D /* AppDelegate.swift */; };
		849F9E8821C7D4D7001F4D2D /* ViewController.swift in Sources */ = {isa = PBXBuildFile; fileRef = 849F9E8721C7D4D7001F4D2D /* ViewController.swift */; };
		849F9E8B21C7D4D7001F4D2D /* Main.storyboard in Resources */ = {isa = PBXBuildFile; fileRef = 849F9E8921C7D4D7001F4D2D /* Main.storyboard */; };
		849F9E8D21C7D4D8001F4D2D /* Assets.xcassets in Resources */ = {isa = PBXBuildFile; fileRef = 849F9E8C21C7D4D8001F4D2D /* Assets.xcassets */; };
		849F9E9021C7D4D8001F4D2D /* LaunchScreen.storyboard in Resources */ = {isa = PBXBuildFile; fileRef = 849F9E8E21C7D4D8001F4D2D /* LaunchScreen.storyboard */; };
		849F9E9621C7D566001F4D2D /* Renderer.swift in Sources */ = {isa = PBXBuildFile; fileRef = 849F9E9521C7D566001F4D2D /* Renderer.swift */; };
		849F9E9821C7D57B001F4D2D /* Shader.metal in Sources */ = {isa = PBXBuildFile; fileRef = 849F9E9721C7D57B001F4D2D /* Shader.metal */; };
		C209AAC121CFB21B00453527 /* AppDelegate.swift in Sources */ = {isa = PBXBuildFile; fileRef = C209AAC021CFB21B00453527 /* AppDelegate.swift */; };
		C209AAC321CFB21B00453527 /* ViewController.swift in Sources */ = {isa = PBXBuildFile; fileRef = C209AAC221CFB21B00453527 /* ViewController.swift */; };
		C209AAC621CFB21B00453527 /* Main.storyboard in Resources */ = {isa = PBXBuildFile; fileRef = C209AAC421CFB21B00453527 /* Main.storyboard */; };
		C209AAC821CFB21B00453527 /* Assets.xcassets in Resources */ = {isa = PBXBuildFile; fileRef = C209AAC721CFB21B00453527 /* Assets.xcassets */; };
		C209AACB21CFB21B00453527 /* LaunchScreen.storyboard in Resources */ = {isa = PBXBuildFile; fileRef = C209AAC921CFB21B00453527 /* LaunchScreen.storyboard */; };
		C209AADE21CFB5BB00453527 /* Scene.swift in Sources */ = {isa = PBXBuildFile; fileRef = C209AAD121CFB5BB00453527 /* Scene.swift */; };
		C209AADF21CFB5BB00453527 /* GameScene.swift in Sources */ = {isa = PBXBuildFile; fileRef = C209AAD221CFB5BB00453527 /* GameScene.swift */; };
		C209AAE021CFB5BB00453527 /* Shader.metal in Sources */ = {isa = PBXBuildFile; fileRef = C209AAD321CFB5BB00453527 /* Shader.metal */; };
		C209AAE121CFB5BB00453527 /* Renderer.swift in Sources */ = {isa = PBXBuildFile; fileRef = C209AAD421CFB5BB00453527 /* Renderer.swift */; };
		C209AAE221CFB5BB00453527 /* picture-frame-mask.png in Resources */ = {isa = PBXBuildFile; fileRef = C209AAD621CFB5BB00453527 /* picture-frame-mask.png */; };
		C209AAE321CFB5BB00453527 /* picture-frame.png in Resources */ = {isa = PBXBuildFile; fileRef = C209AAD721CFB5BB00453527 /* picture-frame.png */; };
		C209AAE421CFB5BB00453527 /* picture.png in Resources */ = {isa = PBXBuildFile; fileRef = C209AAD821CFB5BB00453527 /* picture.png */; };
		C209AAE521CFB5BB00453527 /* Textureable.swift in Sources */ = {isa = PBXBuildFile; fileRef = C209AADA21CFB5BB00453527 /* Textureable.swift */; };
		C209AAE621CFB5BB00453527 /* Renderable.swift in Sources */ = {isa = PBXBuildFile; fileRef = C209AADB21CFB5BB00453527 /* Renderable.swift */; };
		C209AAE721CFB5BB00453527 /* Plane.swift in Sources */ = {isa = PBXBuildFile; fileRef = C209AADC21CFB5BB00453527 /* Plane.swift */; };
		C209AAE821CFB5BB00453527 /* Node.swift in Sources */ = {isa = PBXBuildFile; fileRef = C209AADD21CFB5BB00453527 /* Node.swift */; };
		C209AAEA21CFB62000453527 /* StructModel.swift in Sources */ = {isa = PBXBuildFile; fileRef = C209AAE921CFB62000453527 /* StructModel.swift */; };
		C209AAEC21CFB6EA00453527 /* MatrixMath.swift in Sources */ = {isa = PBXBuildFile; fileRef = C209AAEB21CFB6EA00453527 /* MatrixMath.swift */; };
		C22DA7CD21C2A6BD00256576 /* AppDelegate.swift in Sources */ = {isa = PBXBuildFile; fileRef = C22DA7CC21C2A6BD00256576 /* AppDelegate.swift */; };
		C22DA7CF21C2A6BD00256576 /* ViewController.swift in Sources */ = {isa = PBXBuildFile; fileRef = C22DA7CE21C2A6BD00256576 /* ViewController.swift */; };
		C22DA7D221C2A6BD00256576 /* Main.storyboard in Resources */ = {isa = PBXBuildFile; fileRef = C22DA7D021C2A6BD00256576 /* Main.storyboard */; };
		C22DA7D421C2A6BE00256576 /* Assets.xcassets in Resources */ = {isa = PBXBuildFile; fileRef = C22DA7D321C2A6BE00256576 /* Assets.xcassets */; };
		C22DA7D721C2A6BE00256576 /* LaunchScreen.storyboard in Resources */ = {isa = PBXBuildFile; fileRef = C22DA7D521C2A6BE00256576 /* LaunchScreen.storyboard */; };
		C22DA7E521CE358E00256576 /* AppDelegate.swift in Sources */ = {isa = PBXBuildFile; fileRef = C22DA7E421CE358E00256576 /* AppDelegate.swift */; };
		C22DA7E721CE358E00256576 /* ViewController.swift in Sources */ = {isa = PBXBuildFile; fileRef = C22DA7E621CE358E00256576 /* ViewController.swift */; };
		C22DA7EA21CE358E00256576 /* Main.storyboard in Resources */ = {isa = PBXBuildFile; fileRef = C22DA7E821CE358E00256576 /* Main.storyboard */; };
		C22DA7EC21CE359000256576 /* Assets.xcassets in Resources */ = {isa = PBXBuildFile; fileRef = C22DA7EB21CE359000256576 /* Assets.xcassets */; };
		C22DA7EF21CE359000256576 /* LaunchScreen.storyboard in Resources */ = {isa = PBXBuildFile; fileRef = C22DA7ED21CE359000256576 /* LaunchScreen.storyboard */; };
		C22DA7FB21CE35ED00256576 /* Renderable.swift in Sources */ = {isa = PBXBuildFile; fileRef = C22DA7F421CE35EC00256576 /* Renderable.swift */; };
		C22DA7FC21CE35ED00256576 /* GameScene.swift in Sources */ = {isa = PBXBuildFile; fileRef = C22DA7F521CE35EC00256576 /* GameScene.swift */; };
		C22DA7FD21CE35ED00256576 /* Scene.swift in Sources */ = {isa = PBXBuildFile; fileRef = C22DA7F621CE35EC00256576 /* Scene.swift */; };
		C22DA7FE21CE35ED00256576 /* Node.swift in Sources */ = {isa = PBXBuildFile; fileRef = C22DA7F721CE35ED00256576 /* Node.swift */; };
		C22DA7FF21CE35ED00256576 /* Renderer.swift in Sources */ = {isa = PBXBuildFile; fileRef = C22DA7F821CE35ED00256576 /* Renderer.swift */; };
		C22DA80021CE35ED00256576 /* Plane.swift in Sources */ = {isa = PBXBuildFile; fileRef = C22DA7F921CE35ED00256576 /* Plane.swift */; };
		C22DA80121CE35ED00256576 /* Shader.metal in Sources */ = {isa = PBXBuildFile; fileRef = C22DA7FA21CE35ED00256576 /* Shader.metal */; };
		C22DA80521CE397500256576 /* Textureable.swift in Sources */ = {isa = PBXBuildFile; fileRef = C22DA80421CE397500256576 /* Textureable.swift */; };
		C22DA80821CE3DF100256576 /* picture.png in Resources */ = {isa = PBXBuildFile; fileRef = C22DA80721CE3DF100256576 /* picture.png */; };
		C2FA9BE521CEABDE006D5EA9 /* AppDelegate.swift in Sources */ = {isa = PBXBuildFile; fileRef = C2FA9BE421CEABDE006D5EA9 /* AppDelegate.swift */; };
		C2FA9BE721CEABDE006D5EA9 /* ViewController.swift in Sources */ = {isa = PBXBuildFile; fileRef = C2FA9BE621CEABDE006D5EA9 /* ViewController.swift */; };
		C2FA9BEA21CEABDE006D5EA9 /* Main.storyboard in Resources */ = {isa = PBXBuildFile; fileRef = C2FA9BE821CEABDE006D5EA9 /* Main.storyboard */; };
		C2FA9BEC21CEABDE006D5EA9 /* Assets.xcassets in Resources */ = {isa = PBXBuildFile; fileRef = C2FA9BEB21CEABDE006D5EA9 /* Assets.xcassets */; };
		C2FA9BEF21CEABDE006D5EA9 /* LaunchScreen.storyboard in Resources */ = {isa = PBXBuildFile; fileRef = C2FA9BED21CEABDE006D5EA9 /* LaunchScreen.storyboard */; };
		C2FA9BFD21CEAC4C006D5EA9 /* Scene.swift in Sources */ = {isa = PBXBuildFile; fileRef = C2FA9BF521CEAC4C006D5EA9 /* Scene.swift */; };
		C2FA9BFE21CEAC4C006D5EA9 /* GameScene.swift in Sources */ = {isa = PBXBuildFile; fileRef = C2FA9BF621CEAC4C006D5EA9 /* GameScene.swift */; };
		C2FA9BFF21CEAC4C006D5EA9 /* Shader.metal in Sources */ = {isa = PBXBuildFile; fileRef = C2FA9BF721CEAC4C006D5EA9 /* Shader.metal */; };
		C2FA9C0021CEAC4C006D5EA9 /* Textureable.swift in Sources */ = {isa = PBXBuildFile; fileRef = C2FA9BF921CEAC4C006D5EA9 /* Textureable.swift */; };
		C2FA9C0121CEAC4C006D5EA9 /* Renderable.swift in Sources */ = {isa = PBXBuildFile; fileRef = C2FA9BFA21CEAC4C006D5EA9 /* Renderable.swift */; };
		C2FA9C0221CEAC4C006D5EA9 /* Plane.swift in Sources */ = {isa = PBXBuildFile; fileRef = C2FA9BFB21CEAC4C006D5EA9 /* Plane.swift */; };
		C2FA9C0321CEAC4C006D5EA9 /* Node.swift in Sources */ = {isa = PBXBuildFile; fileRef = C2FA9BFC21CEAC4C006D5EA9 /* Node.swift */; };
		C2FA9C0621CEAC5D006D5EA9 /* picture.png in Resources */ = {isa = PBXBuildFile; fileRef = C2FA9C0521CEAC5D006D5EA9 /* picture.png */; };
		C2FA9C0821CEADF1006D5EA9 /* picture-frame.png in Resources */ = {isa = PBXBuildFile; fileRef = C2FA9C0721CEADF1006D5EA9 /* picture-frame.png */; };
		C2FA9C0A21CEAFFC006D5EA9 /* Renderer.swift in Sources */ = {isa = PBXBuildFile; fileRef = C2FA9C0921CEAFFC006D5EA9 /* Renderer.swift */; };
		C2FA9C0C21CEB0E7006D5EA9 /* picture-frame-mask.png in Resources */ = {isa = PBXBuildFile; fileRef = C2FA9C0B21CEB0E7006D5EA9 /* picture-frame-mask.png */; };
/* End PBXBuildFile section */

/* Begin PBXFileReference section */
		845F692B21CB986500BFD877 /* Metal_Colorful.app */ = {isa = PBXFileReference; explicitFileType = wrapper.application; includeInIndex = 0; path = Metal_Colorful.app; sourceTree = BUILT_PRODUCTS_DIR; };
		845F692D21CB986500BFD877 /* AppDelegate.swift */ = {isa = PBXFileReference; lastKnownFileType = sourcecode.swift; path = AppDelegate.swift; sourceTree = "<group>"; };
		845F692F21CB986500BFD877 /* ViewController.swift */ = {isa = PBXFileReference; lastKnownFileType = sourcecode.swift; path = ViewController.swift; sourceTree = "<group>"; };
		845F693221CB986500BFD877 /* Base */ = {isa = PBXFileReference; lastKnownFileType = file.storyboard; name = Base; path = Base.lproj/Main.storyboard; sourceTree = "<group>"; };
		845F693421CB986600BFD877 /* Assets.xcassets */ = {isa = PBXFileReference; lastKnownFileType = folder.assetcatalog; path = Assets.xcassets; sourceTree = "<group>"; };
		845F693721CB986600BFD877 /* Base */ = {isa = PBXFileReference; lastKnownFileType = file.storyboard; name = Base; path = Base.lproj/LaunchScreen.storyboard; sourceTree = "<group>"; };
		845F693921CB986600BFD877 /* Info.plist */ = {isa = PBXFileReference; lastKnownFileType = text.plist.xml; path = Info.plist; sourceTree = "<group>"; };
		845F693D21CB98BD00BFD877 /* Shader.metal */ = {isa = PBXFileReference; fileEncoding = 4; lastKnownFileType = sourcecode.metal; path = Shader.metal; sourceTree = "<group>"; };
		845F693E21CB98BD00BFD877 /* Renderer.swift */ = {isa = PBXFileReference; fileEncoding = 4; lastKnownFileType = sourcecode.swift; path = Renderer.swift; sourceTree = "<group>"; };
		846AF0B921CB9F2400E2415B /* Node.swift */ = {isa = PBXFileReference; lastKnownFileType = sourcecode.swift; path = Node.swift; sourceTree = "<group>"; };
		846AF0BB21CBA16900E2415B /* Plane.swift */ = {isa = PBXFileReference; lastKnownFileType = sourcecode.swift; path = Plane.swift; sourceTree = "<group>"; };
		846AF0BE21CBB12B00E2415B /* Scene.swift */ = {isa = PBXFileReference; lastKnownFileType = sourcecode.swift; path = Scene.swift; sourceTree = "<group>"; };
		849CD3F121CBB18B00FC7ECA /* GameScene.swift */ = {isa = PBXFileReference; lastKnownFileType = sourcecode.swift; path = GameScene.swift; sourceTree = "<group>"; };
		849CD3F321CBB8C900FC7ECA /* Renderable.swift */ = {isa = PBXFileReference; lastKnownFileType = sourcecode.swift; path = Renderable.swift; sourceTree = "<group>"; };
		849F9E3321C7C70D001F4D2D /* Metal_Render封装.app */ = {isa = PBXFileReference; explicitFileType = wrapper.application; includeInIndex = 0; path = "Metal_Render封装.app"; sourceTree = BUILT_PRODUCTS_DIR; };
		849F9E3521C7C70D001F4D2D /* AppDelegate.swift */ = {isa = PBXFileReference; lastKnownFileType = sourcecode.swift; path = AppDelegate.swift; sourceTree = "<group>"; };
		849F9E3721C7C70D001F4D2D /* ViewController.swift */ = {isa = PBXFileReference; lastKnownFileType = sourcecode.swift; path = ViewController.swift; sourceTree = "<group>"; };
		849F9E3A21C7C70D001F4D2D /* Base */ = {isa = PBXFileReference; lastKnownFileType = file.storyboard; name = Base; path = Base.lproj/Main.storyboard; sourceTree = "<group>"; };
		849F9E3C21C7C70E001F4D2D /* Assets.xcassets */ = {isa = PBXFileReference; lastKnownFileType = folder.assetcatalog; path = Assets.xcassets; sourceTree = "<group>"; };
		849F9E3F21C7C70E001F4D2D /* Base */ = {isa = PBXFileReference; lastKnownFileType = file.storyboard; name = Base; path = Base.lproj/LaunchScreen.storyboard; sourceTree = "<group>"; };
		849F9E4121C7C70E001F4D2D /* Info.plist */ = {isa = PBXFileReference; lastKnownFileType = text.plist.xml; path = Info.plist; sourceTree = "<group>"; };
		849F9E4521C7C728001F4D2D /* Renderer.swift */ = {isa = PBXFileReference; fileEncoding = 4; lastKnownFileType = sourcecode.swift; path = Renderer.swift; sourceTree = "<group>"; };
		849F9E4B21C7C8D8001F4D2D /* metal_triangle.app */ = {isa = PBXFileReference; explicitFileType = wrapper.application; includeInIndex = 0; path = metal_triangle.app; sourceTree = BUILT_PRODUCTS_DIR; };
		849F9E4D21C7C8D8001F4D2D /* AppDelegate.swift */ = {isa = PBXFileReference; lastKnownFileType = sourcecode.swift; path = AppDelegate.swift; sourceTree = "<group>"; };
		849F9E4F21C7C8D8001F4D2D /* ViewController.swift */ = {isa = PBXFileReference; lastKnownFileType = sourcecode.swift; path = ViewController.swift; sourceTree = "<group>"; };
		849F9E5221C7C8D8001F4D2D /* Base */ = {isa = PBXFileReference; lastKnownFileType = file.storyboard; name = Base; path = Base.lproj/Main.storyboard; sourceTree = "<group>"; };
		849F9E5421C7C8D8001F4D2D /* Assets.xcassets */ = {isa = PBXFileReference; lastKnownFileType = folder.assetcatalog; path = Assets.xcassets; sourceTree = "<group>"; };
		849F9E5721C7C8D8001F4D2D /* Base */ = {isa = PBXFileReference; lastKnownFileType = file.storyboard; name = Base; path = Base.lproj/LaunchScreen.storyboard; sourceTree = "<group>"; };
		849F9E5921C7C8D8001F4D2D /* Info.plist */ = {isa = PBXFileReference; lastKnownFileType = text.plist.xml; path = Info.plist; sourceTree = "<group>"; };
		849F9E5D21C7C972001F4D2D /* Renderer.swift */ = {isa = PBXFileReference; lastKnownFileType = sourcecode.swift; path = Renderer.swift; sourceTree = "<group>"; };
		849F9E5F21C7CB3E001F4D2D /* Shader.metal */ = {isa = PBXFileReference; lastKnownFileType = sourcecode.metal; path = Shader.metal; sourceTree = "<group>"; };
		849F9E6521C7CE10001F4D2D /* metal_two_triangle.app */ = {isa = PBXFileReference; explicitFileType = wrapper.application; includeInIndex = 0; path = metal_two_triangle.app; sourceTree = BUILT_PRODUCTS_DIR; };
		849F9E6721C7CE10001F4D2D /* AppDelegate.swift */ = {isa = PBXFileReference; lastKnownFileType = sourcecode.swift; path = AppDelegate.swift; sourceTree = "<group>"; };
		849F9E6921C7CE10001F4D2D /* ViewController.swift */ = {isa = PBXFileReference; lastKnownFileType = sourcecode.swift; path = ViewController.swift; sourceTree = "<group>"; };
		849F9E6C21C7CE10001F4D2D /* Base */ = {isa = PBXFileReference; lastKnownFileType = file.storyboard; name = Base; path = Base.lproj/Main.storyboard; sourceTree = "<group>"; };
		849F9E6E21C7CE10001F4D2D /* Assets.xcassets */ = {isa = PBXFileReference; lastKnownFileType = folder.assetcatalog; path = Assets.xcassets; sourceTree = "<group>"; };
		849F9E7121C7CE10001F4D2D /* Base */ = {isa = PBXFileReference; lastKnownFileType = file.storyboard; name = Base; path = Base.lproj/LaunchScreen.storyboard; sourceTree = "<group>"; };
		849F9E7321C7CE10001F4D2D /* Info.plist */ = {isa = PBXFileReference; lastKnownFileType = text.plist.xml; path = Info.plist; sourceTree = "<group>"; };
		849F9E7B21C7CE62001F4D2D /* Shader.metal */ = {isa = PBXFileReference; fileEncoding = 4; lastKnownFileType = sourcecode.metal; name = Shader.metal; path = metal_triangle/Shader.metal; sourceTree = SOURCE_ROOT; };
		849F9E7C21C7CE62001F4D2D /* Renderer.swift */ = {isa = PBXFileReference; fileEncoding = 4; lastKnownFileType = sourcecode.swift; name = Renderer.swift; path = metal_triangle/Renderer.swift; sourceTree = SOURCE_ROOT; };
		849F9E8321C7D4D7001F4D2D /* Metal_animate.app */ = {isa = PBXFileReference; explicitFileType = wrapper.application; includeInIndex = 0; path = Metal_animate.app; sourceTree = BUILT_PRODUCTS_DIR; };
		849F9E8521C7D4D7001F4D2D /* AppDelegate.swift */ = {isa = PBXFileReference; lastKnownFileType = sourcecode.swift; path = AppDelegate.swift; sourceTree = "<group>"; };
		849F9E8721C7D4D7001F4D2D /* ViewController.swift */ = {isa = PBXFileReference; lastKnownFileType = sourcecode.swift; path = ViewController.swift; sourceTree = "<group>"; };
		849F9E8A21C7D4D7001F4D2D /* Base */ = {isa = PBXFileReference; lastKnownFileType = file.storyboard; name = Base; path = Base.lproj/Main.storyboard; sourceTree = "<group>"; };
		849F9E8C21C7D4D8001F4D2D /* Assets.xcassets */ = {isa = PBXFileReference; lastKnownFileType = folder.assetcatalog; path = Assets.xcassets; sourceTree = "<group>"; };
		849F9E8F21C7D4D8001F4D2D /* Base */ = {isa = PBXFileReference; lastKnownFileType = file.storyboard; name = Base; path = Base.lproj/LaunchScreen.storyboard; sourceTree = "<group>"; };
		849F9E9121C7D4D8001F4D2D /* Info.plist */ = {isa = PBXFileReference; lastKnownFileType = text.plist.xml; path = Info.plist; sourceTree = "<group>"; };
		849F9E9521C7D566001F4D2D /* Renderer.swift */ = {isa = PBXFileReference; lastKnownFileType = sourcecode.swift; path = Renderer.swift; sourceTree = "<group>"; };
		849F9E9721C7D57B001F4D2D /* Shader.metal */ = {isa = PBXFileReference; lastKnownFileType = sourcecode.metal; path = Shader.metal; sourceTree = "<group>"; };
		C209AABE21CFB21B00453527 /* Metal_2D~3D.app */ = {isa = PBXFileReference; explicitFileType = wrapper.application; includeInIndex = 0; path = "Metal_2D~3D.app"; sourceTree = BUILT_PRODUCTS_DIR; };
		C209AAC021CFB21B00453527 /* AppDelegate.swift */ = {isa = PBXFileReference; lastKnownFileType = sourcecode.swift; path = AppDelegate.swift; sourceTree = "<group>"; };
		C209AAC221CFB21B00453527 /* ViewController.swift */ = {isa = PBXFileReference; lastKnownFileType = sourcecode.swift; path = ViewController.swift; sourceTree = "<group>"; };
		C209AAC521CFB21B00453527 /* Base */ = {isa = PBXFileReference; lastKnownFileType = file.storyboard; name = Base; path = Base.lproj/Main.storyboard; sourceTree = "<group>"; };
		C209AAC721CFB21B00453527 /* Assets.xcassets */ = {isa = PBXFileReference; lastKnownFileType = folder.assetcatalog; path = Assets.xcassets; sourceTree = "<group>"; };
		C209AACA21CFB21B00453527 /* Base */ = {isa = PBXFileReference; lastKnownFileType = file.storyboard; name = Base; path = Base.lproj/LaunchScreen.storyboard; sourceTree = "<group>"; };
		C209AACC21CFB21B00453527 /* Info.plist */ = {isa = PBXFileReference; lastKnownFileType = text.plist.xml; path = Info.plist; sourceTree = "<group>"; };
		C209AAD121CFB5BB00453527 /* Scene.swift */ = {isa = PBXFileReference; fileEncoding = 4; lastKnownFileType = sourcecode.swift; path = Scene.swift; sourceTree = "<group>"; };
		C209AAD221CFB5BB00453527 /* GameScene.swift */ = {isa = PBXFileReference; fileEncoding = 4; lastKnownFileType = sourcecode.swift; path = GameScene.swift; sourceTree = "<group>"; };
		C209AAD321CFB5BB00453527 /* Shader.metal */ = {isa = PBXFileReference; fileEncoding = 4; lastKnownFileType = sourcecode.metal; path = Shader.metal; sourceTree = "<group>"; };
		C209AAD421CFB5BB00453527 /* Renderer.swift */ = {isa = PBXFileReference; fileEncoding = 4; lastKnownFileType = sourcecode.swift; path = Renderer.swift; sourceTree = "<group>"; };
		C209AAD621CFB5BB00453527 /* picture-frame-mask.png */ = {isa = PBXFileReference; lastKnownFileType = image.png; path = "picture-frame-mask.png"; sourceTree = "<group>"; };
		C209AAD721CFB5BB00453527 /* picture-frame.png */ = {isa = PBXFileReference; lastKnownFileType = image.png; path = "picture-frame.png"; sourceTree = "<group>"; };
		C209AAD821CFB5BB00453527 /* picture.png */ = {isa = PBXFileReference; lastKnownFileType = image.png; path = picture.png; sourceTree = "<group>"; };
		C209AADA21CFB5BB00453527 /* Textureable.swift */ = {isa = PBXFileReference; fileEncoding = 4; lastKnownFileType = sourcecode.swift; path = Textureable.swift; sourceTree = "<group>"; };
		C209AADB21CFB5BB00453527 /* Renderable.swift */ = {isa = PBXFileReference; fileEncoding = 4; lastKnownFileType = sourcecode.swift; path = Renderable.swift; sourceTree = "<group>"; };
		C209AADC21CFB5BB00453527 /* Plane.swift */ = {isa = PBXFileReference; fileEncoding = 4; lastKnownFileType = sourcecode.swift; path = Plane.swift; sourceTree = "<group>"; };
		C209AADD21CFB5BB00453527 /* Node.swift */ = {isa = PBXFileReference; fileEncoding = 4; lastKnownFileType = sourcecode.swift; path = Node.swift; sourceTree = "<group>"; };
		C209AAE921CFB62000453527 /* StructModel.swift */ = {isa = PBXFileReference; lastKnownFileType = sourcecode.swift; path = StructModel.swift; sourceTree = "<group>"; };
		C209AAEB21CFB6EA00453527 /* MatrixMath.swift */ = {isa = PBXFileReference; fileEncoding = 4; lastKnownFileType = sourcecode.swift; path = MatrixMath.swift; sourceTree = "<group>"; };
		C22DA7C921C2A6BD00256576 /* Metal_Demos.app */ = {isa = PBXFileReference; explicitFileType = wrapper.application; includeInIndex = 0; path = Metal_Demos.app; sourceTree = BUILT_PRODUCTS_DIR; };
		C22DA7CC21C2A6BD00256576 /* AppDelegate.swift */ = {isa = PBXFileReference; lastKnownFileType = sourcecode.swift; path = AppDelegate.swift; sourceTree = "<group>"; };
		C22DA7CE21C2A6BD00256576 /* ViewController.swift */ = {isa = PBXFileReference; lastKnownFileType = sourcecode.swift; path = ViewController.swift; sourceTree = "<group>"; };
		C22DA7D121C2A6BD00256576 /* Base */ = {isa = PBXFileReference; lastKnownFileType = file.storyboard; name = Base; path = Base.lproj/Main.storyboard; sourceTree = "<group>"; };
		C22DA7D321C2A6BE00256576 /* Assets.xcassets */ = {isa = PBXFileReference; lastKnownFileType = folder.assetcatalog; path = Assets.xcassets; sourceTree = "<group>"; };
		C22DA7D621C2A6BE00256576 /* Base */ = {isa = PBXFileReference; lastKnownFileType = file.storyboard; name = Base; path = Base.lproj/LaunchScreen.storyboard; sourceTree = "<group>"; };
		C22DA7D821C2A6BE00256576 /* Info.plist */ = {isa = PBXFileReference; lastKnownFileType = text.plist.xml; path = Info.plist; sourceTree = "<group>"; };
		C22DA7E221CE358E00256576 /* Metal_RenderImage.app */ = {isa = PBXFileReference; explicitFileType = wrapper.application; includeInIndex = 0; path = Metal_RenderImage.app; sourceTree = BUILT_PRODUCTS_DIR; };
		C22DA7E421CE358E00256576 /* AppDelegate.swift */ = {isa = PBXFileReference; lastKnownFileType = sourcecode.swift; path = AppDelegate.swift; sourceTree = "<group>"; };
		C22DA7E621CE358E00256576 /* ViewController.swift */ = {isa = PBXFileReference; lastKnownFileType = sourcecode.swift; path = ViewController.swift; sourceTree = "<group>"; };
		C22DA7E921CE358E00256576 /* Base */ = {isa = PBXFileReference; lastKnownFileType = file.storyboard; name = Base; path = Base.lproj/Main.storyboard; sourceTree = "<group>"; };
		C22DA7EB21CE359000256576 /* Assets.xcassets */ = {isa = PBXFileReference; lastKnownFileType = folder.assetcatalog; path = Assets.xcassets; sourceTree = "<group>"; };
		C22DA7EE21CE359000256576 /* Base */ = {isa = PBXFileReference; lastKnownFileType = file.storyboard; name = Base; path = Base.lproj/LaunchScreen.storyboard; sourceTree = "<group>"; };
		C22DA7F021CE359000256576 /* Info.plist */ = {isa = PBXFileReference; lastKnownFileType = text.plist.xml; path = Info.plist; sourceTree = "<group>"; };
		C22DA7F421CE35EC00256576 /* Renderable.swift */ = {isa = PBXFileReference; fileEncoding = 4; lastKnownFileType = sourcecode.swift; path = Renderable.swift; sourceTree = "<group>"; };
		C22DA7F521CE35EC00256576 /* GameScene.swift */ = {isa = PBXFileReference; fileEncoding = 4; lastKnownFileType = sourcecode.swift; path = GameScene.swift; sourceTree = "<group>"; };
		C22DA7F621CE35EC00256576 /* Scene.swift */ = {isa = PBXFileReference; fileEncoding = 4; lastKnownFileType = sourcecode.swift; path = Scene.swift; sourceTree = "<group>"; };
		C22DA7F721CE35ED00256576 /* Node.swift */ = {isa = PBXFileReference; fileEncoding = 4; lastKnownFileType = sourcecode.swift; path = Node.swift; sourceTree = "<group>"; };
		C22DA7F821CE35ED00256576 /* Renderer.swift */ = {isa = PBXFileReference; fileEncoding = 4; lastKnownFileType = sourcecode.swift; path = Renderer.swift; sourceTree = "<group>"; };
		C22DA7F921CE35ED00256576 /* Plane.swift */ = {isa = PBXFileReference; fileEncoding = 4; lastKnownFileType = sourcecode.swift; path = Plane.swift; sourceTree = "<group>"; };
		C22DA7FA21CE35ED00256576 /* Shader.metal */ = {isa = PBXFileReference; fileEncoding = 4; lastKnownFileType = sourcecode.metal; path = Shader.metal; sourceTree = "<group>"; };
		C22DA80421CE397500256576 /* Textureable.swift */ = {isa = PBXFileReference; lastKnownFileType = sourcecode.swift; path = Textureable.swift; sourceTree = "<group>"; };
		C22DA80721CE3DF100256576 /* picture.png */ = {isa = PBXFileReference; lastKnownFileType = image.png; path = picture.png; sourceTree = "<group>"; };
		C2FA9BE221CEABDE006D5EA9 /* Metal_Mask.app */ = {isa = PBXFileReference; explicitFileType = wrapper.application; includeInIndex = 0; path = Metal_Mask.app; sourceTree = BUILT_PRODUCTS_DIR; };
		C2FA9BE421CEABDE006D5EA9 /* AppDelegate.swift */ = {isa = PBXFileReference; lastKnownFileType = sourcecode.swift; path = AppDelegate.swift; sourceTree = "<group>"; };
		C2FA9BE621CEABDE006D5EA9 /* ViewController.swift */ = {isa = PBXFileReference; lastKnownFileType = sourcecode.swift; path = ViewController.swift; sourceTree = "<group>"; };
		C2FA9BE921CEABDE006D5EA9 /* Base */ = {isa = PBXFileReference; lastKnownFileType = file.storyboard; name = Base; path = Base.lproj/Main.storyboard; sourceTree = "<group>"; };
		C2FA9BEB21CEABDE006D5EA9 /* Assets.xcassets */ = {isa = PBXFileReference; lastKnownFileType = folder.assetcatalog; path = Assets.xcassets; sourceTree = "<group>"; };
		C2FA9BEE21CEABDE006D5EA9 /* Base */ = {isa = PBXFileReference; lastKnownFileType = file.storyboard; name = Base; path = Base.lproj/LaunchScreen.storyboard; sourceTree = "<group>"; };
		C2FA9BF021CEABDE006D5EA9 /* Info.plist */ = {isa = PBXFileReference; lastKnownFileType = text.plist.xml; path = Info.plist; sourceTree = "<group>"; };
		C2FA9BF521CEAC4C006D5EA9 /* Scene.swift */ = {isa = PBXFileReference; fileEncoding = 4; lastKnownFileType = sourcecode.swift; path = Scene.swift; sourceTree = "<group>"; };
		C2FA9BF621CEAC4C006D5EA9 /* GameScene.swift */ = {isa = PBXFileReference; fileEncoding = 4; lastKnownFileType = sourcecode.swift; path = GameScene.swift; sourceTree = "<group>"; };
		C2FA9BF721CEAC4C006D5EA9 /* Shader.metal */ = {isa = PBXFileReference; fileEncoding = 4; lastKnownFileType = sourcecode.metal; path = Shader.metal; sourceTree = "<group>"; };
		C2FA9BF921CEAC4C006D5EA9 /* Textureable.swift */ = {isa = PBXFileReference; fileEncoding = 4; lastKnownFileType = sourcecode.swift; path = Textureable.swift; sourceTree = "<group>"; };
		C2FA9BFA21CEAC4C006D5EA9 /* Renderable.swift */ = {isa = PBXFileReference; fileEncoding = 4; lastKnownFileType = sourcecode.swift; path = Renderable.swift; sourceTree = "<group>"; };
		C2FA9BFB21CEAC4C006D5EA9 /* Plane.swift */ = {isa = PBXFileReference; fileEncoding = 4; lastKnownFileType = sourcecode.swift; path = Plane.swift; sourceTree = "<group>"; };
		C2FA9BFC21CEAC4C006D5EA9 /* Node.swift */ = {isa = PBXFileReference; fileEncoding = 4; lastKnownFileType = sourcecode.swift; path = Node.swift; sourceTree = "<group>"; };
		C2FA9C0521CEAC5D006D5EA9 /* picture.png */ = {isa = PBXFileReference; lastKnownFileType = image.png; path = picture.png; sourceTree = "<group>"; };
		C2FA9C0721CEADF1006D5EA9 /* picture-frame.png */ = {isa = PBXFileReference; lastKnownFileType = image.png; path = "picture-frame.png"; sourceTree = "<group>"; };
		C2FA9C0921CEAFFC006D5EA9 /* Renderer.swift */ = {isa = PBXFileReference; fileEncoding = 4; lastKnownFileType = sourcecode.swift; path = Renderer.swift; sourceTree = "<group>"; };
		C2FA9C0B21CEB0E7006D5EA9 /* picture-frame-mask.png */ = {isa = PBXFileReference; lastKnownFileType = image.png; path = "picture-frame-mask.png"; sourceTree = "<group>"; };
/* End PBXFileReference section */

/* Begin PBXFrameworksBuildPhase section */
		845F692821CB986500BFD877 /* Frameworks */ = {
			isa = PBXFrameworksBuildPhase;
			buildActionMask = 2147483647;
			files = (
			);
			runOnlyForDeploymentPostprocessing = 0;
		};
		849F9E3021C7C70D001F4D2D /* Frameworks */ = {
			isa = PBXFrameworksBuildPhase;
			buildActionMask = 2147483647;
			files = (
			);
			runOnlyForDeploymentPostprocessing = 0;
		};
		849F9E4821C7C8D8001F4D2D /* Frameworks */ = {
			isa = PBXFrameworksBuildPhase;
			buildActionMask = 2147483647;
			files = (
			);
			runOnlyForDeploymentPostprocessing = 0;
		};
		849F9E6221C7CE10001F4D2D /* Frameworks */ = {
			isa = PBXFrameworksBuildPhase;
			buildActionMask = 2147483647;
			files = (
			);
			runOnlyForDeploymentPostprocessing = 0;
		};
		849F9E8021C7D4D7001F4D2D /* Frameworks */ = {
			isa = PBXFrameworksBuildPhase;
			buildActionMask = 2147483647;
			files = (
			);
			runOnlyForDeploymentPostprocessing = 0;
		};
		C209AABB21CFB21B00453527 /* Frameworks */ = {
			isa = PBXFrameworksBuildPhase;
			buildActionMask = 2147483647;
			files = (
			);
			runOnlyForDeploymentPostprocessing = 0;
		};
		C22DA7C621C2A6BD00256576 /* Frameworks */ = {
			isa = PBXFrameworksBuildPhase;
			buildActionMask = 2147483647;
			files = (
			);
			runOnlyForDeploymentPostprocessing = 0;
		};
		C22DA7DF21CE358E00256576 /* Frameworks */ = {
			isa = PBXFrameworksBuildPhase;
			buildActionMask = 2147483647;
			files = (
			);
			runOnlyForDeploymentPostprocessing = 0;
		};
		C2FA9BDF21CEABDE006D5EA9 /* Frameworks */ = {
			isa = PBXFrameworksBuildPhase;
			buildActionMask = 2147483647;
			files = (
			);
			runOnlyForDeploymentPostprocessing = 0;
		};
/* End PBXFrameworksBuildPhase section */

/* Begin PBXGroup section */
		845F692C21CB986500BFD877 /* Metal_Colorful */ = {
			isa = PBXGroup;
			children = (
				845F692D21CB986500BFD877 /* AppDelegate.swift */,
				845F693E21CB98BD00BFD877 /* Renderer.swift */,
				845F693D21CB98BD00BFD877 /* Shader.metal */,
				845F692F21CB986500BFD877 /* ViewController.swift */,
				846AF0BD21CBB10900E2415B /* Node */,
				846AF0C121CBB14000E2415B /* Scene */,
				845F693121CB986500BFD877 /* Main.storyboard */,
				845F693421CB986600BFD877 /* Assets.xcassets */,
				845F693621CB986600BFD877 /* LaunchScreen.storyboard */,
				845F693921CB986600BFD877 /* Info.plist */,
			);
			path = Metal_Colorful;
			sourceTree = "<group>";
		};
		846AF0BD21CBB10900E2415B /* Node */ = {
			isa = PBXGroup;
			children = (
				846AF0B921CB9F2400E2415B /* Node.swift */,
				846AF0BB21CBA16900E2415B /* Plane.swift */,
				849CD3F321CBB8C900FC7ECA /* Renderable.swift */,
			);
			name = Node;
			sourceTree = "<group>";
		};
		846AF0C121CBB14000E2415B /* Scene */ = {
			isa = PBXGroup;
			children = (
				846AF0BE21CBB12B00E2415B /* Scene.swift */,
				849CD3F121CBB18B00FC7ECA /* GameScene.swift */,
			);
			name = Scene;
			sourceTree = "<group>";
		};
		849F9E3421C7C70D001F4D2D /* Metal_Render封装 */ = {
			isa = PBXGroup;
			children = (
				849F9E3521C7C70D001F4D2D /* AppDelegate.swift */,
				849F9E4521C7C728001F4D2D /* Renderer.swift */,
				849F9E3721C7C70D001F4D2D /* ViewController.swift */,
				849F9E3921C7C70D001F4D2D /* Main.storyboard */,
				849F9E3C21C7C70E001F4D2D /* Assets.xcassets */,
				849F9E3E21C7C70E001F4D2D /* LaunchScreen.storyboard */,
				849F9E4121C7C70E001F4D2D /* Info.plist */,
			);
			path = "Metal_Render封装";
			sourceTree = "<group>";
		};
		849F9E4C21C7C8D8001F4D2D /* metal_triangle */ = {
			isa = PBXGroup;
			children = (
				849F9E4D21C7C8D8001F4D2D /* AppDelegate.swift */,
				849F9E4F21C7C8D8001F4D2D /* ViewController.swift */,
				849F9E5D21C7C972001F4D2D /* Renderer.swift */,
				849F9E5F21C7CB3E001F4D2D /* Shader.metal */,
				849F9E5121C7C8D8001F4D2D /* Main.storyboard */,
				849F9E5421C7C8D8001F4D2D /* Assets.xcassets */,
				849F9E5621C7C8D8001F4D2D /* LaunchScreen.storyboard */,
				849F9E5921C7C8D8001F4D2D /* Info.plist */,
			);
			path = metal_triangle;
			sourceTree = "<group>";
		};
		849F9E6621C7CE10001F4D2D /* metal_two_triangle */ = {
			isa = PBXGroup;
			children = (
				849F9E6721C7CE10001F4D2D /* AppDelegate.swift */,
				849F9E7C21C7CE62001F4D2D /* Renderer.swift */,
				849F9E7B21C7CE62001F4D2D /* Shader.metal */,
				849F9E6921C7CE10001F4D2D /* ViewController.swift */,
				849F9E6B21C7CE10001F4D2D /* Main.storyboard */,
				849F9E6E21C7CE10001F4D2D /* Assets.xcassets */,
				849F9E7021C7CE10001F4D2D /* LaunchScreen.storyboard */,
				849F9E7321C7CE10001F4D2D /* Info.plist */,
			);
			path = metal_two_triangle;
			sourceTree = "<group>";
		};
		849F9E8421C7D4D7001F4D2D /* Metal_animate */ = {
			isa = PBXGroup;
			children = (
				849F9E8521C7D4D7001F4D2D /* AppDelegate.swift */,
				849F9E8721C7D4D7001F4D2D /* ViewController.swift */,
				849F9E9721C7D57B001F4D2D /* Shader.metal */,
				849F9E9521C7D566001F4D2D /* Renderer.swift */,
				849F9E8921C7D4D7001F4D2D /* Main.storyboard */,
				849F9E8C21C7D4D8001F4D2D /* Assets.xcassets */,
				849F9E8E21C7D4D8001F4D2D /* LaunchScreen.storyboard */,
				849F9E9121C7D4D8001F4D2D /* Info.plist */,
			);
			path = Metal_animate;
			sourceTree = "<group>";
		};
		C209AABF21CFB21B00453527 /* Metal_2D~3D */ = {
			isa = PBXGroup;
			children = (
				C209AAC021CFB21B00453527 /* AppDelegate.swift */,
				C209AAC221CFB21B00453527 /* ViewController.swift */,
				C209AAE921CFB62000453527 /* StructModel.swift */,
				C209AAD421CFB5BB00453527 /* Renderer.swift */,
				C209AAEB21CFB6EA00453527 /* MatrixMath.swift */,
				C209AAD521CFB5BB00453527 /* Images */,
				C209AAD921CFB5BB00453527 /* Node */,
				C209AAD021CFB5BB00453527 /* Scene */,
				C209AAD321CFB5BB00453527 /* Shader.metal */,
				C209AAC421CFB21B00453527 /* Main.storyboard */,
				C209AAC721CFB21B00453527 /* Assets.xcassets */,
				C209AAC921CFB21B00453527 /* LaunchScreen.storyboard */,
				C209AACC21CFB21B00453527 /* Info.plist */,
			);
			path = "Metal_2D~3D";
			sourceTree = "<group>";
		};
		C209AAD021CFB5BB00453527 /* Scene */ = {
			isa = PBXGroup;
			children = (
				C209AAD121CFB5BB00453527 /* Scene.swift */,
				C209AAD221CFB5BB00453527 /* GameScene.swift */,
			);
			path = Scene;
			sourceTree = "<group>";
		};
		C209AAD521CFB5BB00453527 /* Images */ = {
			isa = PBXGroup;
			children = (
				C209AAD621CFB5BB00453527 /* picture-frame-mask.png */,
				C209AAD721CFB5BB00453527 /* picture-frame.png */,
				C209AAD821CFB5BB00453527 /* picture.png */,
			);
			path = Images;
			sourceTree = "<group>";
		};
		C209AAD921CFB5BB00453527 /* Node */ = {
			isa = PBXGroup;
			children = (
				C209AADA21CFB5BB00453527 /* Textureable.swift */,
				C209AADB21CFB5BB00453527 /* Renderable.swift */,
				C209AADC21CFB5BB00453527 /* Plane.swift */,
				C209AADD21CFB5BB00453527 /* Node.swift */,
			);
			path = Node;
			sourceTree = "<group>";
		};
		C22DA7C021C2A6BD00256576 = {
			isa = PBXGroup;
			children = (
				C22DA7CB21C2A6BD00256576 /* Metal_Demos */,
				849F9E3421C7C70D001F4D2D /* Metal_Render封装 */,
				849F9E4C21C7C8D8001F4D2D /* metal_triangle */,
				849F9E6621C7CE10001F4D2D /* metal_two_triangle */,
				849F9E8421C7D4D7001F4D2D /* Metal_animate */,
				845F692C21CB986500BFD877 /* Metal_Colorful */,
				C22DA7E321CE358E00256576 /* Metal_RenderImage */,
				C2FA9BE321CEABDE006D5EA9 /* Metal_Mask */,
				C209AABF21CFB21B00453527 /* Metal_2D~3D */,
				C22DA7CA21C2A6BD00256576 /* Products */,
			);
			sourceTree = "<group>";
		};
		C22DA7CA21C2A6BD00256576 /* Products */ = {
			isa = PBXGroup;
			children = (
				C22DA7C921C2A6BD00256576 /* Metal_Demos.app */,
				849F9E3321C7C70D001F4D2D /* Metal_Render封装.app */,
				849F9E4B21C7C8D8001F4D2D /* metal_triangle.app */,
				849F9E6521C7CE10001F4D2D /* metal_two_triangle.app */,
				849F9E8321C7D4D7001F4D2D /* Metal_animate.app */,
				845F692B21CB986500BFD877 /* Metal_Colorful.app */,
				C22DA7E221CE358E00256576 /* Metal_RenderImage.app */,
				C2FA9BE221CEABDE006D5EA9 /* Metal_Mask.app */,
				C209AABE21CFB21B00453527 /* Metal_2D~3D.app */,
			);
			name = Products;
			sourceTree = "<group>";
		};
		C22DA7CB21C2A6BD00256576 /* Metal_Demos */ = {
			isa = PBXGroup;
			children = (
				C22DA7CC21C2A6BD00256576 /* AppDelegate.swift */,
				C22DA7CE21C2A6BD00256576 /* ViewController.swift */,
				C22DA7D021C2A6BD00256576 /* Main.storyboard */,
				C22DA7D321C2A6BE00256576 /* Assets.xcassets */,
				C22DA7D521C2A6BE00256576 /* LaunchScreen.storyboard */,
				C22DA7D821C2A6BE00256576 /* Info.plist */,
			);
			path = Metal_Demos;
			sourceTree = "<group>";
		};
		C22DA7E321CE358E00256576 /* Metal_RenderImage */ = {
			isa = PBXGroup;
			children = (
				C22DA80321CE361900256576 /* Scene */,
				C22DA80221CE35F800256576 /* Node */,
				C22DA7F821CE35ED00256576 /* Renderer.swift */,
				C22DA7FA21CE35ED00256576 /* Shader.metal */,
				C22DA7E421CE358E00256576 /* AppDelegate.swift */,
				C22DA7E621CE358E00256576 /* ViewController.swift */,
				C22DA7E821CE358E00256576 /* Main.storyboard */,
				C22DA80621CE3DE000256576 /* Images */,
				C22DA7EB21CE359000256576 /* Assets.xcassets */,
				C22DA7ED21CE359000256576 /* LaunchScreen.storyboard */,
				C22DA7F021CE359000256576 /* Info.plist */,
			);
			path = Metal_RenderImage;
			sourceTree = "<group>";
		};
		C22DA80221CE35F800256576 /* Node */ = {
			isa = PBXGroup;
			children = (
				C22DA7F721CE35ED00256576 /* Node.swift */,
				C22DA7F921CE35ED00256576 /* Plane.swift */,
				C22DA7F421CE35EC00256576 /* Renderable.swift */,
				C22DA80421CE397500256576 /* Textureable.swift */,
			);
			path = Node;
			sourceTree = "<group>";
		};
		C22DA80321CE361900256576 /* Scene */ = {
			isa = PBXGroup;
			children = (
				C22DA7F521CE35EC00256576 /* GameScene.swift */,
				C22DA7F621CE35EC00256576 /* Scene.swift */,
			);
			path = Scene;
			sourceTree = "<group>";
		};
		C22DA80621CE3DE000256576 /* Images */ = {
			isa = PBXGroup;
			children = (
				C22DA80721CE3DF100256576 /* picture.png */,
			);
			path = Images;
			sourceTree = "<group>";
		};
		C2FA9BE321CEABDE006D5EA9 /* Metal_Mask */ = {
			isa = PBXGroup;
			children = (
				C2FA9BE421CEABDE006D5EA9 /* AppDelegate.swift */,
				C2FA9BE621CEABDE006D5EA9 /* ViewController.swift */,
				C2FA9C0921CEAFFC006D5EA9 /* Renderer.swift */,
				C2FA9BF821CEAC4C006D5EA9 /* Node */,
				C2FA9BF421CEAC4C006D5EA9 /* Scene */,
				C2FA9BF721CEAC4C006D5EA9 /* Shader.metal */,
				C2FA9BE821CEABDE006D5EA9 /* Main.storyboard */,
				C2FA9BEB21CEABDE006D5EA9 /* Assets.xcassets */,
				C2FA9BED21CEABDE006D5EA9 /* LaunchScreen.storyboard */,
				C2FA9BF021CEABDE006D5EA9 /* Info.plist */,
				C2FA9C0421CEAC5D006D5EA9 /* Images */,
			);
			path = Metal_Mask;
			sourceTree = "<group>";
		};
		C2FA9BF421CEAC4C006D5EA9 /* Scene */ = {
			isa = PBXGroup;
			children = (
				C2FA9BF521CEAC4C006D5EA9 /* Scene.swift */,
				C2FA9BF621CEAC4C006D5EA9 /* GameScene.swift */,
			);
			path = Scene;
			sourceTree = "<group>";
		};
		C2FA9BF821CEAC4C006D5EA9 /* Node */ = {
			isa = PBXGroup;
			children = (
				C2FA9BF921CEAC4C006D5EA9 /* Textureable.swift */,
				C2FA9BFA21CEAC4C006D5EA9 /* Renderable.swift */,
				C2FA9BFB21CEAC4C006D5EA9 /* Plane.swift */,
				C2FA9BFC21CEAC4C006D5EA9 /* Node.swift */,
			);
			path = Node;
			sourceTree = "<group>";
		};
		C2FA9C0421CEAC5D006D5EA9 /* Images */ = {
			isa = PBXGroup;
			children = (
				C2FA9C0B21CEB0E7006D5EA9 /* picture-frame-mask.png */,
				C2FA9C0721CEADF1006D5EA9 /* picture-frame.png */,
				C2FA9C0521CEAC5D006D5EA9 /* picture.png */,
			);
			path = Images;
			sourceTree = "<group>";
		};
/* End PBXGroup section */

/* Begin PBXNativeTarget section */
		845F692A21CB986500BFD877 /* Metal_Colorful */ = {
			isa = PBXNativeTarget;
			buildConfigurationList = 845F693C21CB986600BFD877 /* Build configuration list for PBXNativeTarget "Metal_Colorful" */;
			buildPhases = (
				845F692721CB986500BFD877 /* Sources */,
				845F692821CB986500BFD877 /* Frameworks */,
				845F692921CB986500BFD877 /* Resources */,
			);
			buildRules = (
			);
			dependencies = (
			);
			name = Metal_Colorful;
			productName = Metal_Colorful;
			productReference = 845F692B21CB986500BFD877 /* Metal_Colorful.app */;
			productType = "com.apple.product-type.application";
		};
		849F9E3221C7C70D001F4D2D /* Metal_Render封装 */ = {
			isa = PBXNativeTarget;
			buildConfigurationList = 849F9E4221C7C70E001F4D2D /* Build configuration list for PBXNativeTarget "Metal_Render封装" */;
			buildPhases = (
				849F9E2F21C7C70D001F4D2D /* Sources */,
				849F9E3021C7C70D001F4D2D /* Frameworks */,
				849F9E3121C7C70D001F4D2D /* Resources */,
			);
			buildRules = (
			);
			dependencies = (
			);
			name = "Metal_Render封装";
			productName = "Metal_Render封装";
			productReference = 849F9E3321C7C70D001F4D2D /* Metal_Render封装.app */;
			productType = "com.apple.product-type.application";
		};
		849F9E4A21C7C8D8001F4D2D /* metal_triangle */ = {
			isa = PBXNativeTarget;
			buildConfigurationList = 849F9E5A21C7C8D8001F4D2D /* Build configuration list for PBXNativeTarget "metal_triangle" */;
			buildPhases = (
				849F9E4721C7C8D8001F4D2D /* Sources */,
				849F9E4821C7C8D8001F4D2D /* Frameworks */,
				849F9E4921C7C8D8001F4D2D /* Resources */,
			);
			buildRules = (
			);
			dependencies = (
			);
			name = metal_triangle;
			productName = metal_triangle;
			productReference = 849F9E4B21C7C8D8001F4D2D /* metal_triangle.app */;
			productType = "com.apple.product-type.application";
		};
		849F9E6421C7CE10001F4D2D /* metal_two_triangle */ = {
			isa = PBXNativeTarget;
			buildConfigurationList = 849F9E7421C7CE10001F4D2D /* Build configuration list for PBXNativeTarget "metal_two_triangle" */;
			buildPhases = (
				849F9E6121C7CE10001F4D2D /* Sources */,
				849F9E6221C7CE10001F4D2D /* Frameworks */,
				849F9E6321C7CE10001F4D2D /* Resources */,
			);
			buildRules = (
			);
			dependencies = (
			);
			name = metal_two_triangle;
			productName = metal_two_triangle;
			productReference = 849F9E6521C7CE10001F4D2D /* metal_two_triangle.app */;
			productType = "com.apple.product-type.application";
		};
		849F9E8221C7D4D7001F4D2D /* Metal_animate */ = {
			isa = PBXNativeTarget;
			buildConfigurationList = 849F9E9221C7D4D8001F4D2D /* Build configuration list for PBXNativeTarget "Metal_animate" */;
			buildPhases = (
				849F9E7F21C7D4D7001F4D2D /* Sources */,
				849F9E8021C7D4D7001F4D2D /* Frameworks */,
				849F9E8121C7D4D7001F4D2D /* Resources */,
			);
			buildRules = (
			);
			dependencies = (
			);
			name = Metal_animate;
			productName = Metal_animate;
			productReference = 849F9E8321C7D4D7001F4D2D /* Metal_animate.app */;
			productType = "com.apple.product-type.application";
		};
		C209AABD21CFB21B00453527 /* Metal_2D~3D */ = {
			isa = PBXNativeTarget;
			buildConfigurationList = C209AACF21CFB21B00453527 /* Build configuration list for PBXNativeTarget "Metal_2D~3D" */;
			buildPhases = (
				C209AABA21CFB21B00453527 /* Sources */,
				C209AABB21CFB21B00453527 /* Frameworks */,
				C209AABC21CFB21B00453527 /* Resources */,
			);
			buildRules = (
			);
			dependencies = (
			);
			name = "Metal_2D~3D";
			productName = "Metal_2D~3D";
			productReference = C209AABE21CFB21B00453527 /* Metal_2D~3D.app */;
			productType = "com.apple.product-type.application";
		};
		C22DA7C821C2A6BD00256576 /* Metal_Demos */ = {
			isa = PBXNativeTarget;
			buildConfigurationList = C22DA7DB21C2A6BE00256576 /* Build configuration list for PBXNativeTarget "Metal_Demos" */;
			buildPhases = (
				C22DA7C521C2A6BD00256576 /* Sources */,
				C22DA7C621C2A6BD00256576 /* Frameworks */,
				C22DA7C721C2A6BD00256576 /* Resources */,
			);
			buildRules = (
			);
			dependencies = (
			);
			name = Metal_Demos;
			productName = Metal_Demos;
			productReference = C22DA7C921C2A6BD00256576 /* Metal_Demos.app */;
			productType = "com.apple.product-type.application";
		};
		C22DA7E121CE358E00256576 /* Metal_RenderImage */ = {
			isa = PBXNativeTarget;
			buildConfigurationList = C22DA7F321CE359000256576 /* Build configuration list for PBXNativeTarget "Metal_RenderImage" */;
			buildPhases = (
				C22DA7DE21CE358E00256576 /* Sources */,
				C22DA7DF21CE358E00256576 /* Frameworks */,
				C22DA7E021CE358E00256576 /* Resources */,
			);
			buildRules = (
			);
			dependencies = (
			);
			name = Metal_RenderImage;
			productName = Metal_RenderImage;
			productReference = C22DA7E221CE358E00256576 /* Metal_RenderImage.app */;
			productType = "com.apple.product-type.application";
		};
		C2FA9BE121CEABDE006D5EA9 /* Metal_Mask */ = {
			isa = PBXNativeTarget;
			buildConfigurationList = C2FA9BF321CEABDE006D5EA9 /* Build configuration list for PBXNativeTarget "Metal_Mask" */;
			buildPhases = (
				C2FA9BDE21CEABDE006D5EA9 /* Sources */,
				C2FA9BDF21CEABDE006D5EA9 /* Frameworks */,
				C2FA9BE021CEABDE006D5EA9 /* Resources */,
			);
			buildRules = (
			);
			dependencies = (
			);
			name = Metal_Mask;
			productName = Metal_Mask;
			productReference = C2FA9BE221CEABDE006D5EA9 /* Metal_Mask.app */;
			productType = "com.apple.product-type.application";
		};
/* End PBXNativeTarget section */

/* Begin PBXProject section */
		C22DA7C121C2A6BD00256576 /* Project object */ = {
			isa = PBXProject;
			attributes = {
				LastSwiftUpdateCheck = 1000;
				LastUpgradeCheck = 1000;
				ORGANIZATIONNAME = "王伟奇";
				TargetAttributes = {
					845F692A21CB986500BFD877 = {
						CreatedOnToolsVersion = 9.4.1;
					};
					849F9E3221C7C70D001F4D2D = {
						CreatedOnToolsVersion = 10.1;
					};
					849F9E4A21C7C8D8001F4D2D = {
						CreatedOnToolsVersion = 10.1;
					};
					849F9E6421C7CE10001F4D2D = {
						CreatedOnToolsVersion = 10.1;
					};
					849F9E8221C7D4D7001F4D2D = {
						CreatedOnToolsVersion = 10.1;
					};
					C209AABD21CFB21B00453527 = {
						CreatedOnToolsVersion = 10.0;
					};
					C22DA7C821C2A6BD00256576 = {
						CreatedOnToolsVersion = 10.0;
					};
					C22DA7E121CE358E00256576 = {
						CreatedOnToolsVersion = 10.0;
					};
					C2FA9BE121CEABDE006D5EA9 = {
						CreatedOnToolsVersion = 10.0;
					};
				};
			};
			buildConfigurationList = C22DA7C421C2A6BD00256576 /* Build configuration list for PBXProject "Metal_Demos" */;
			compatibilityVersion = "Xcode 9.3";
			developmentRegion = en;
			hasScannedForEncodings = 0;
			knownRegions = (
				en,
				Base,
			);
			mainGroup = C22DA7C021C2A6BD00256576;
			productRefGroup = C22DA7CA21C2A6BD00256576 /* Products */;
			projectDirPath = "";
			projectRoot = "";
			targets = (
				C22DA7C821C2A6BD00256576 /* Metal_Demos */,
				849F9E3221C7C70D001F4D2D /* Metal_Render封装 */,
				849F9E4A21C7C8D8001F4D2D /* metal_triangle */,
				849F9E6421C7CE10001F4D2D /* metal_two_triangle */,
				849F9E8221C7D4D7001F4D2D /* Metal_animate */,
				845F692A21CB986500BFD877 /* Metal_Colorful */,
				C22DA7E121CE358E00256576 /* Metal_RenderImage */,
				C2FA9BE121CEABDE006D5EA9 /* Metal_Mask */,
				C209AABD21CFB21B00453527 /* Metal_2D~3D */,
			);
		};
/* End PBXProject section */

/* Begin PBXResourcesBuildPhase section */
		845F692921CB986500BFD877 /* Resources */ = {
			isa = PBXResourcesBuildPhase;
			buildActionMask = 2147483647;
			files = (
				845F693821CB986600BFD877 /* LaunchScreen.storyboard in Resources */,
				845F693521CB986600BFD877 /* Assets.xcassets in Resources */,
				845F693321CB986500BFD877 /* Main.storyboard in Resources */,
			);
			runOnlyForDeploymentPostprocessing = 0;
		};
		849F9E3121C7C70D001F4D2D /* Resources */ = {
			isa = PBXResourcesBuildPhase;
			buildActionMask = 2147483647;
			files = (
				849F9E4021C7C70E001F4D2D /* LaunchScreen.storyboard in Resources */,
				849F9E3D21C7C70E001F4D2D /* Assets.xcassets in Resources */,
				849F9E3B21C7C70D001F4D2D /* Main.storyboard in Resources */,
			);
			runOnlyForDeploymentPostprocessing = 0;
		};
		849F9E4921C7C8D8001F4D2D /* Resources */ = {
			isa = PBXResourcesBuildPhase;
			buildActionMask = 2147483647;
			files = (
				849F9E5821C7C8D8001F4D2D /* LaunchScreen.storyboard in Resources */,
				849F9E5521C7C8D8001F4D2D /* Assets.xcassets in Resources */,
				849F9E5321C7C8D8001F4D2D /* Main.storyboard in Resources */,
			);
			runOnlyForDeploymentPostprocessing = 0;
		};
		849F9E6321C7CE10001F4D2D /* Resources */ = {
			isa = PBXResourcesBuildPhase;
			buildActionMask = 2147483647;
			files = (
				849F9E7221C7CE10001F4D2D /* LaunchScreen.storyboard in Resources */,
				849F9E6F21C7CE10001F4D2D /* Assets.xcassets in Resources */,
				849F9E6D21C7CE10001F4D2D /* Main.storyboard in Resources */,
			);
			runOnlyForDeploymentPostprocessing = 0;
		};
		849F9E8121C7D4D7001F4D2D /* Resources */ = {
			isa = PBXResourcesBuildPhase;
			buildActionMask = 2147483647;
			files = (
				849F9E9021C7D4D8001F4D2D /* LaunchScreen.storyboard in Resources */,
				849F9E8D21C7D4D8001F4D2D /* Assets.xcassets in Resources */,
				849F9E8B21C7D4D7001F4D2D /* Main.storyboard in Resources */,
			);
			runOnlyForDeploymentPostprocessing = 0;
		};
		C209AABC21CFB21B00453527 /* Resources */ = {
			isa = PBXResourcesBuildPhase;
			buildActionMask = 2147483647;
			files = (
				C209AACB21CFB21B00453527 /* LaunchScreen.storyboard in Resources */,
				C209AAE321CFB5BB00453527 /* picture-frame.png in Resources */,
				C209AAE421CFB5BB00453527 /* picture.png in Resources */,
				C209AAC821CFB21B00453527 /* Assets.xcassets in Resources */,
				C209AAE221CFB5BB00453527 /* picture-frame-mask.png in Resources */,
				C209AAC621CFB21B00453527 /* Main.storyboard in Resources */,
			);
			runOnlyForDeploymentPostprocessing = 0;
		};
		C22DA7C721C2A6BD00256576 /* Resources */ = {
			isa = PBXResourcesBuildPhase;
			buildActionMask = 2147483647;
			files = (
				C22DA7D721C2A6BE00256576 /* LaunchScreen.storyboard in Resources */,
				C22DA7D421C2A6BE00256576 /* Assets.xcassets in Resources */,
				C22DA7D221C2A6BD00256576 /* Main.storyboard in Resources */,
			);
			runOnlyForDeploymentPostprocessing = 0;
		};
		C22DA7E021CE358E00256576 /* Resources */ = {
			isa = PBXResourcesBuildPhase;
			buildActionMask = 2147483647;
			files = (
				C22DA7EF21CE359000256576 /* LaunchScreen.storyboard in Resources */,
				C22DA7EC21CE359000256576 /* Assets.xcassets in Resources */,
				C22DA80821CE3DF100256576 /* picture.png in Resources */,
				C22DA7EA21CE358E00256576 /* Main.storyboard in Resources */,
			);
			runOnlyForDeploymentPostprocessing = 0;
		};
		C2FA9BE021CEABDE006D5EA9 /* Resources */ = {
			isa = PBXResourcesBuildPhase;
			buildActionMask = 2147483647;
			files = (
				C2FA9BEF21CEABDE006D5EA9 /* LaunchScreen.storyboard in Resources */,
				C2FA9C0821CEADF1006D5EA9 /* picture-frame.png in Resources */,
				C2FA9BEC21CEABDE006D5EA9 /* Assets.xcassets in Resources */,
				C2FA9C0621CEAC5D006D5EA9 /* picture.png in Resources */,
				C2FA9C0C21CEB0E7006D5EA9 /* picture-frame-mask.png in Resources */,
				C2FA9BEA21CEABDE006D5EA9 /* Main.storyboard in Resources */,
			);
			runOnlyForDeploymentPostprocessing = 0;
		};
/* End PBXResourcesBuildPhase section */

/* Begin PBXSourcesBuildPhase section */
		845F692721CB986500BFD877 /* Sources */ = {
			isa = PBXSourcesBuildPhase;
			buildActionMask = 2147483647;
			files = (
				845F694021CB98BD00BFD877 /* Renderer.swift in Sources */,
				846AF0BA21CB9F2400E2415B /* Node.swift in Sources */,
				849CD3F221CBB18B00FC7ECA /* GameScene.swift in Sources */,
				849CD3F421CBB8C900FC7ECA /* Renderable.swift in Sources */,
				845F693F21CB98BD00BFD877 /* Shader.metal in Sources */,
				845F693021CB986500BFD877 /* ViewController.swift in Sources */,
				846AF0BF21CBB12B00E2415B /* Scene.swift in Sources */,
				846AF0BC21CBA16900E2415B /* Plane.swift in Sources */,
				845F692E21CB986500BFD877 /* AppDelegate.swift in Sources */,
			);
			runOnlyForDeploymentPostprocessing = 0;
		};
		849F9E2F21C7C70D001F4D2D /* Sources */ = {
			isa = PBXSourcesBuildPhase;
			buildActionMask = 2147483647;
			files = (
				849F9E3821C7C70D001F4D2D /* ViewController.swift in Sources */,
				849F9E4621C7C728001F4D2D /* Renderer.swift in Sources */,
				849F9E3621C7C70D001F4D2D /* AppDelegate.swift in Sources */,
			);
			runOnlyForDeploymentPostprocessing = 0;
		};
		849F9E4721C7C8D8001F4D2D /* Sources */ = {
			isa = PBXSourcesBuildPhase;
			buildActionMask = 2147483647;
			files = (
				849F9E7A21C7CE37001F4D2D /* Renderer.swift in Sources */,
				849F9E7921C7CE37001F4D2D /* Shader.metal in Sources */,
				849F9E5021C7C8D8001F4D2D /* ViewController.swift in Sources */,
				849F9E4E21C7C8D8001F4D2D /* AppDelegate.swift in Sources */,
			);
			runOnlyForDeploymentPostprocessing = 0;
		};
		849F9E6121C7CE10001F4D2D /* Sources */ = {
			isa = PBXSourcesBuildPhase;
			buildActionMask = 2147483647;
			files = (
				849F9E7E21C7CE63001F4D2D /* Renderer.swift in Sources */,
				849F9E7D21C7CE63001F4D2D /* Shader.metal in Sources */,
				849F9E6A21C7CE10001F4D2D /* ViewController.swift in Sources */,
				849F9E6821C7CE10001F4D2D /* AppDelegate.swift in Sources */,
			);
			runOnlyForDeploymentPostprocessing = 0;
		};
		849F9E7F21C7D4D7001F4D2D /* Sources */ = {
			isa = PBXSourcesBuildPhase;
			buildActionMask = 2147483647;
			files = (
				849F9E9821C7D57B001F4D2D /* Shader.metal in Sources */,
				849F9E8821C7D4D7001F4D2D /* ViewController.swift in Sources */,
				849F9E9621C7D566001F4D2D /* Renderer.swift in Sources */,
				849F9E8621C7D4D7001F4D2D /* AppDelegate.swift in Sources */,
			);
			runOnlyForDeploymentPostprocessing = 0;
		};
		C209AABA21CFB21B00453527 /* Sources */ = {
			isa = PBXSourcesBuildPhase;
			buildActionMask = 2147483647;
			files = (
				C209AAC321CFB21B00453527 /* ViewController.swift in Sources */,
				C209AAE821CFB5BB00453527 /* Node.swift in Sources */,
				C209AAEA21CFB62000453527 /* StructModel.swift in Sources */,
				C209AAE721CFB5BB00453527 /* Plane.swift in Sources */,
				C209AAC121CFB21B00453527 /* AppDelegate.swift in Sources */,
				C209AADF21CFB5BB00453527 /* GameScene.swift in Sources */,
				C209AAEC21CFB6EA00453527 /* MatrixMath.swift in Sources */,
				C209AAE021CFB5BB00453527 /* Shader.metal in Sources */,
				C209AAE121CFB5BB00453527 /* Renderer.swift in Sources */,
				C209AADE21CFB5BB00453527 /* Scene.swift in Sources */,
				C209AAE521CFB5BB00453527 /* Textureable.swift in Sources */,
				C209AAE621CFB5BB00453527 /* Renderable.swift in Sources */,
			);
			runOnlyForDeploymentPostprocessing = 0;
		};
		C22DA7C521C2A6BD00256576 /* Sources */ = {
			isa = PBXSourcesBuildPhase;
			buildActionMask = 2147483647;
			files = (
				C22DA7CF21C2A6BD00256576 /* ViewController.swift in Sources */,
				C22DA7CD21C2A6BD00256576 /* AppDelegate.swift in Sources */,
			);
			runOnlyForDeploymentPostprocessing = 0;
		};
		C22DA7DE21CE358E00256576 /* Sources */ = {
			isa = PBXSourcesBuildPhase;
			buildActionMask = 2147483647;
			files = (
				C22DA7FB21CE35ED00256576 /* Renderable.swift in Sources */,
				C22DA7E721CE358E00256576 /* ViewController.swift in Sources */,
				C22DA7FF21CE35ED00256576 /* Renderer.swift in Sources */,
				C22DA80121CE35ED00256576 /* Shader.metal in Sources */,
				C22DA7FD21CE35ED00256576 /* Scene.swift in Sources */,
				C22DA80521CE397500256576 /* Textureable.swift in Sources */,
				C22DA7FE21CE35ED00256576 /* Node.swift in Sources */,
				C22DA7FC21CE35ED00256576 /* GameScene.swift in Sources */,
				C22DA80021CE35ED00256576 /* Plane.swift in Sources */,
				C22DA7E521CE358E00256576 /* AppDelegate.swift in Sources */,
			);
			runOnlyForDeploymentPostprocessing = 0;
		};
		C2FA9BDE21CEABDE006D5EA9 /* Sources */ = {
			isa = PBXSourcesBuildPhase;
			buildActionMask = 2147483647;
			files = (
				C2FA9BE721CEABDE006D5EA9 /* ViewController.swift in Sources */,
				C2FA9BE521CEABDE006D5EA9 /* AppDelegate.swift in Sources */,
				C2FA9C0121CEAC4C006D5EA9 /* Renderable.swift in Sources */,
				C2FA9C0321CEAC4C006D5EA9 /* Node.swift in Sources */,
				C2FA9BFE21CEAC4C006D5EA9 /* GameScene.swift in Sources */,
				C2FA9BFF21CEAC4C006D5EA9 /* Shader.metal in Sources */,
				C2FA9BFD21CEAC4C006D5EA9 /* Scene.swift in Sources */,
				C2FA9C0221CEAC4C006D5EA9 /* Plane.swift in Sources */,
				C2FA9C0A21CEAFFC006D5EA9 /* Renderer.swift in Sources */,
				C2FA9C0021CEAC4C006D5EA9 /* Textureable.swift in Sources */,
			);
			runOnlyForDeploymentPostprocessing = 0;
		};
/* End PBXSourcesBuildPhase section */

/* Begin PBXVariantGroup section */
		845F693121CB986500BFD877 /* Main.storyboard */ = {
			isa = PBXVariantGroup;
			children = (
				845F693221CB986500BFD877 /* Base */,
			);
			name = Main.storyboard;
			sourceTree = "<group>";
		};
		845F693621CB986600BFD877 /* LaunchScreen.storyboard */ = {
			isa = PBXVariantGroup;
			children = (
				845F693721CB986600BFD877 /* Base */,
			);
			name = LaunchScreen.storyboard;
			sourceTree = "<group>";
		};
		849F9E3921C7C70D001F4D2D /* Main.storyboard */ = {
			isa = PBXVariantGroup;
			children = (
				849F9E3A21C7C70D001F4D2D /* Base */,
			);
			name = Main.storyboard;
			sourceTree = "<group>";
		};
		849F9E3E21C7C70E001F4D2D /* LaunchScreen.storyboard */ = {
			isa = PBXVariantGroup;
			children = (
				849F9E3F21C7C70E001F4D2D /* Base */,
			);
			name = LaunchScreen.storyboard;
			sourceTree = "<group>";
		};
		849F9E5121C7C8D8001F4D2D /* Main.storyboard */ = {
			isa = PBXVariantGroup;
			children = (
				849F9E5221C7C8D8001F4D2D /* Base */,
			);
			name = Main.storyboard;
			sourceTree = "<group>";
		};
		849F9E5621C7C8D8001F4D2D /* LaunchScreen.storyboard */ = {
			isa = PBXVariantGroup;
			children = (
				849F9E5721C7C8D8001F4D2D /* Base */,
			);
			name = LaunchScreen.storyboard;
			sourceTree = "<group>";
		};
		849F9E6B21C7CE10001F4D2D /* Main.storyboard */ = {
			isa = PBXVariantGroup;
			children = (
				849F9E6C21C7CE10001F4D2D /* Base */,
			);
			name = Main.storyboard;
			sourceTree = "<group>";
		};
		849F9E7021C7CE10001F4D2D /* LaunchScreen.storyboard */ = {
			isa = PBXVariantGroup;
			children = (
				849F9E7121C7CE10001F4D2D /* Base */,
			);
			name = LaunchScreen.storyboard;
			sourceTree = "<group>";
		};
		849F9E8921C7D4D7001F4D2D /* Main.storyboard */ = {
			isa = PBXVariantGroup;
			children = (
				849F9E8A21C7D4D7001F4D2D /* Base */,
			);
			name = Main.storyboard;
			sourceTree = "<group>";
		};
		849F9E8E21C7D4D8001F4D2D /* LaunchScreen.storyboard */ = {
			isa = PBXVariantGroup;
			children = (
				849F9E8F21C7D4D8001F4D2D /* Base */,
			);
			name = LaunchScreen.storyboard;
			sourceTree = "<group>";
		};
		C209AAC421CFB21B00453527 /* Main.storyboard */ = {
			isa = PBXVariantGroup;
			children = (
				C209AAC521CFB21B00453527 /* Base */,
			);
			name = Main.storyboard;
			sourceTree = "<group>";
		};
		C209AAC921CFB21B00453527 /* LaunchScreen.storyboard */ = {
			isa = PBXVariantGroup;
			children = (
				C209AACA21CFB21B00453527 /* Base */,
			);
			name = LaunchScreen.storyboard;
			sourceTree = "<group>";
		};
		C22DA7D021C2A6BD00256576 /* Main.storyboard */ = {
			isa = PBXVariantGroup;
			children = (
				C22DA7D121C2A6BD00256576 /* Base */,
			);
			name = Main.storyboard;
			sourceTree = "<group>";
		};
		C22DA7D521C2A6BE00256576 /* LaunchScreen.storyboard */ = {
			isa = PBXVariantGroup;
			children = (
				C22DA7D621C2A6BE00256576 /* Base */,
			);
			name = LaunchScreen.storyboard;
			sourceTree = "<group>";
		};
		C22DA7E821CE358E00256576 /* Main.storyboard */ = {
			isa = PBXVariantGroup;
			children = (
				C22DA7E921CE358E00256576 /* Base */,
			);
			name = Main.storyboard;
			sourceTree = "<group>";
		};
		C22DA7ED21CE359000256576 /* LaunchScreen.storyboard */ = {
			isa = PBXVariantGroup;
			children = (
				C22DA7EE21CE359000256576 /* Base */,
			);
			name = LaunchScreen.storyboard;
			sourceTree = "<group>";
		};
		C2FA9BE821CEABDE006D5EA9 /* Main.storyboard */ = {
			isa = PBXVariantGroup;
			children = (
				C2FA9BE921CEABDE006D5EA9 /* Base */,
			);
			name = Main.storyboard;
			sourceTree = "<group>";
		};
		C2FA9BED21CEABDE006D5EA9 /* LaunchScreen.storyboard */ = {
			isa = PBXVariantGroup;
			children = (
				C2FA9BEE21CEABDE006D5EA9 /* Base */,
			);
			name = LaunchScreen.storyboard;
			sourceTree = "<group>";
		};
/* End PBXVariantGroup section */

/* Begin XCBuildConfiguration section */
		845F693A21CB986600BFD877 /* Debug */ = {
			isa = XCBuildConfiguration;
			buildSettings = {
				ASSETCATALOG_COMPILER_APPICON_NAME = AppIcon;
				CODE_SIGN_STYLE = Automatic;
				DEVELOPMENT_TEAM = 3TX76W4CSD;
				INFOPLIST_FILE = Metal_Colorful/Info.plist;
				IPHONEOS_DEPLOYMENT_TARGET = 11.2;
				LD_RUNPATH_SEARCH_PATHS = (
					"$(inherited)",
					"@executable_path/Frameworks",
				);
				MTL_ENABLE_DEBUG_INFO = YES;
				PRODUCT_BUNDLE_IDENTIFIER = "jj.metal-triangle";
				PRODUCT_NAME = "$(TARGET_NAME)";
				SWIFT_VERSION = 4.0;
				TARGETED_DEVICE_FAMILY = 1;
			};
			name = Debug;
		};
		845F693B21CB986600BFD877 /* Release */ = {
			isa = XCBuildConfiguration;
			buildSettings = {
				ASSETCATALOG_COMPILER_APPICON_NAME = AppIcon;
				CODE_SIGN_STYLE = Automatic;
				DEVELOPMENT_TEAM = 3TX76W4CSD;
				INFOPLIST_FILE = Metal_Colorful/Info.plist;
				IPHONEOS_DEPLOYMENT_TARGET = 11.2;
				LD_RUNPATH_SEARCH_PATHS = (
					"$(inherited)",
					"@executable_path/Frameworks",
				);
				PRODUCT_BUNDLE_IDENTIFIER = "jj.metal-triangle";
				PRODUCT_NAME = "$(TARGET_NAME)";
				SWIFT_VERSION = 4.0;
				TARGETED_DEVICE_FAMILY = 1;
			};
			name = Release;
		};
		849F9E4321C7C70E001F4D2D /* Debug */ = {
			isa = XCBuildConfiguration;
			buildSettings = {
				ASSETCATALOG_COMPILER_APPICON_NAME = AppIcon;
				CODE_SIGN_STYLE = Automatic;
				DEVELOPMENT_TEAM = 3TX76W4CSD;
				INFOPLIST_FILE = "Metal_Render封装/Info.plist";
				IPHONEOS_DEPLOYMENT_TARGET = 11.0;
				LD_RUNPATH_SEARCH_PATHS = (
					"$(inherited)",
					"@executable_path/Frameworks",
				);
				PRODUCT_BUNDLE_IDENTIFIER = "jj.Metal-Render--";
				PRODUCT_NAME = "$(TARGET_NAME)";
				SWIFT_VERSION = 4.2;
				TARGETED_DEVICE_FAMILY = "1,2";
			};
			name = Debug;
		};
		849F9E4421C7C70E001F4D2D /* Release */ = {
			isa = XCBuildConfiguration;
			buildSettings = {
				ASSETCATALOG_COMPILER_APPICON_NAME = AppIcon;
				CODE_SIGN_STYLE = Automatic;
				DEVELOPMENT_TEAM = 3TX76W4CSD;
				INFOPLIST_FILE = "Metal_Render封装/Info.plist";
				IPHONEOS_DEPLOYMENT_TARGET = 11.0;
				LD_RUNPATH_SEARCH_PATHS = (
					"$(inherited)",
					"@executable_path/Frameworks",
				);
				PRODUCT_BUNDLE_IDENTIFIER = "jj.Metal-Render--";
				PRODUCT_NAME = "$(TARGET_NAME)";
				SWIFT_VERSION = 4.2;
				TARGETED_DEVICE_FAMILY = "1,2";
			};
			name = Release;
		};
		849F9E5B21C7C8D8001F4D2D /* Debug */ = {
			isa = XCBuildConfiguration;
			buildSettings = {
				ASSETCATALOG_COMPILER_APPICON_NAME = AppIcon;
				CODE_SIGN_STYLE = Automatic;
				DEVELOPMENT_TEAM = 3TX76W4CSD;
				INFOPLIST_FILE = metal_triangle/Info.plist;
				IPHONEOS_DEPLOYMENT_TARGET = 11.1;
				LD_RUNPATH_SEARCH_PATHS = (
					"$(inherited)",
					"@executable_path/Frameworks",
				);
				PRODUCT_BUNDLE_IDENTIFIER = "jj.metal-triangle";
				PRODUCT_NAME = "$(TARGET_NAME)";
				SWIFT_VERSION = 4.2;
				TARGETED_DEVICE_FAMILY = "1,2";
			};
			name = Debug;
		};
		849F9E5C21C7C8D8001F4D2D /* Release */ = {
			isa = XCBuildConfiguration;
			buildSettings = {
				ASSETCATALOG_COMPILER_APPICON_NAME = AppIcon;
				CODE_SIGN_STYLE = Automatic;
				DEVELOPMENT_TEAM = 3TX76W4CSD;
				INFOPLIST_FILE = metal_triangle/Info.plist;
				IPHONEOS_DEPLOYMENT_TARGET = 11.1;
				LD_RUNPATH_SEARCH_PATHS = (
					"$(inherited)",
					"@executable_path/Frameworks",
				);
				PRODUCT_BUNDLE_IDENTIFIER = "jj.metal-triangle";
				PRODUCT_NAME = "$(TARGET_NAME)";
				SWIFT_VERSION = 4.2;
				TARGETED_DEVICE_FAMILY = "1,2";
			};
			name = Release;
		};
		849F9E7521C7CE10001F4D2D /* Debug */ = {
			isa = XCBuildConfiguration;
			buildSettings = {
				ASSETCATALOG_COMPILER_APPICON_NAME = AppIcon;
				CODE_SIGN_STYLE = Automatic;
				DEVELOPMENT_TEAM = SM5GN8GTPY;
				INFOPLIST_FILE = metal_two_triangle/Info.plist;
				IPHONEOS_DEPLOYMENT_TARGET = 11.0;
				LD_RUNPATH_SEARCH_PATHS = (
					"$(inherited)",
					"@executable_path/Frameworks",
				);
				PRODUCT_BUNDLE_IDENTIFIER = "jj.metal-two-triangle";
				PRODUCT_NAME = "$(TARGET_NAME)";
				SWIFT_VERSION = 4.2;
				TARGETED_DEVICE_FAMILY = "1,2";
			};
			name = Debug;
		};
		849F9E7621C7CE10001F4D2D /* Release */ = {
			isa = XCBuildConfiguration;
			buildSettings = {
				ASSETCATALOG_COMPILER_APPICON_NAME = AppIcon;
				CODE_SIGN_STYLE = Automatic;
				DEVELOPMENT_TEAM = SM5GN8GTPY;
				INFOPLIST_FILE = metal_two_triangle/Info.plist;
				IPHONEOS_DEPLOYMENT_TARGET = 11.0;
				LD_RUNPATH_SEARCH_PATHS = (
					"$(inherited)",
					"@executable_path/Frameworks",
				);
				PRODUCT_BUNDLE_IDENTIFIER = "jj.metal-two-triangle";
				PRODUCT_NAME = "$(TARGET_NAME)";
				SWIFT_VERSION = 4.2;
				TARGETED_DEVICE_FAMILY = "1,2";
			};
			name = Release;
		};
		849F9E9321C7D4D8001F4D2D /* Debug */ = {
			isa = XCBuildConfiguration;
			buildSettings = {
				ASSETCATALOG_COMPILER_APPICON_NAME = AppIcon;
				CODE_SIGN_STYLE = Automatic;
				DEVELOPMENT_TEAM = 3TX76W4CSD;
				INFOPLIST_FILE = Metal_animate/Info.plist;
				IPHONEOS_DEPLOYMENT_TARGET = 11.0;
				LD_RUNPATH_SEARCH_PATHS = (
					"$(inherited)",
					"@executable_path/Frameworks",
				);
				PRODUCT_BUNDLE_IDENTIFIER = "jj.metal-triangle";
				PRODUCT_NAME = "$(TARGET_NAME)";
				SWIFT_VERSION = 4.2;
				TARGETED_DEVICE_FAMILY = "1,2";
			};
			name = Debug;
		};
		849F9E9421C7D4D8001F4D2D /* Release */ = {
			isa = XCBuildConfiguration;
			buildSettings = {
				ASSETCATALOG_COMPILER_APPICON_NAME = AppIcon;
				CODE_SIGN_STYLE = Automatic;
				DEVELOPMENT_TEAM = 3TX76W4CSD;
				INFOPLIST_FILE = Metal_animate/Info.plist;
				IPHONEOS_DEPLOYMENT_TARGET = 11.0;
				LD_RUNPATH_SEARCH_PATHS = (
					"$(inherited)",
					"@executable_path/Frameworks",
				);
				PRODUCT_BUNDLE_IDENTIFIER = "jj.metal-triangle";
				PRODUCT_NAME = "$(TARGET_NAME)";
				SWIFT_VERSION = 4.2;
				TARGETED_DEVICE_FAMILY = "1,2";
			};
			name = Release;
		};
		C209AACD21CFB21B00453527 /* Debug */ = {
			isa = XCBuildConfiguration;
			buildSettings = {
				ASSETCATALOG_COMPILER_APPICON_NAME = AppIcon;
				CODE_SIGN_STYLE = Automatic;
				DEVELOPMENT_TEAM = 3TX76W4CSD;
				INFOPLIST_FILE = "Metal_2D~3D/Info.plist";
				LD_RUNPATH_SEARCH_PATHS = (
					"$(inherited)",
					"@executable_path/Frameworks",
				);
				PRODUCT_BUNDLE_IDENTIFIER = "jj.metal-triangle";
				PRODUCT_NAME = "$(TARGET_NAME)";
				SWIFT_VERSION = 4.2;
				TARGETED_DEVICE_FAMILY = "1,2";
			};
			name = Debug;
		};
		C209AACE21CFB21B00453527 /* Release */ = {
			isa = XCBuildConfiguration;
			buildSettings = {
				ASSETCATALOG_COMPILER_APPICON_NAME = AppIcon;
				CODE_SIGN_STYLE = Automatic;
				DEVELOPMENT_TEAM = 3TX76W4CSD;
				INFOPLIST_FILE = "Metal_2D~3D/Info.plist";
				LD_RUNPATH_SEARCH_PATHS = (
					"$(inherited)",
					"@executable_path/Frameworks",
				);
				PRODUCT_BUNDLE_IDENTIFIER = "jj.metal-triangle";
				PRODUCT_NAME = "$(TARGET_NAME)";
				SWIFT_VERSION = 4.2;
				TARGETED_DEVICE_FAMILY = "1,2";
			};
			name = Release;
		};
		C22DA7D921C2A6BE00256576 /* Debug */ = {
			isa = XCBuildConfiguration;
			buildSettings = {
				ALWAYS_SEARCH_USER_PATHS = NO;
				CLANG_ANALYZER_NONNULL = YES;
				CLANG_ANALYZER_NUMBER_OBJECT_CONVERSION = YES_AGGRESSIVE;
				CLANG_CXX_LANGUAGE_STANDARD = "gnu++14";
				CLANG_CXX_LIBRARY = "libc++";
				CLANG_ENABLE_MODULES = YES;
				CLANG_ENABLE_OBJC_ARC = YES;
				CLANG_ENABLE_OBJC_WEAK = YES;
				CLANG_WARN_BLOCK_CAPTURE_AUTORELEASING = YES;
				CLANG_WARN_BOOL_CONVERSION = YES;
				CLANG_WARN_COMMA = YES;
				CLANG_WARN_CONSTANT_CONVERSION = YES;
				CLANG_WARN_DEPRECATED_OBJC_IMPLEMENTATIONS = YES;
				CLANG_WARN_DIRECT_OBJC_ISA_USAGE = YES_ERROR;
				CLANG_WARN_DOCUMENTATION_COMMENTS = YES;
				CLANG_WARN_EMPTY_BODY = YES;
				CLANG_WARN_ENUM_CONVERSION = YES;
				CLANG_WARN_INFINITE_RECURSION = YES;
				CLANG_WARN_INT_CONVERSION = YES;
				CLANG_WARN_NON_LITERAL_NULL_CONVERSION = YES;
				CLANG_WARN_OBJC_IMPLICIT_RETAIN_SELF = YES;
				CLANG_WARN_OBJC_LITERAL_CONVERSION = YES;
				CLANG_WARN_OBJC_ROOT_CLASS = YES_ERROR;
				CLANG_WARN_RANGE_LOOP_ANALYSIS = YES;
				CLANG_WARN_STRICT_PROTOTYPES = YES;
				CLANG_WARN_SUSPICIOUS_MOVE = YES;
				CLANG_WARN_UNGUARDED_AVAILABILITY = YES_AGGRESSIVE;
				CLANG_WARN_UNREACHABLE_CODE = YES;
				CLANG_WARN__DUPLICATE_METHOD_MATCH = YES;
				CODE_SIGN_IDENTITY = "iPhone Developer";
				COPY_PHASE_STRIP = NO;
				DEBUG_INFORMATION_FORMAT = dwarf;
				ENABLE_STRICT_OBJC_MSGSEND = YES;
				ENABLE_TESTABILITY = YES;
				GCC_C_LANGUAGE_STANDARD = gnu11;
				GCC_DYNAMIC_NO_PIC = NO;
				GCC_NO_COMMON_BLOCKS = YES;
				GCC_OPTIMIZATION_LEVEL = 0;
				GCC_PREPROCESSOR_DEFINITIONS = (
					"DEBUG=1",
					"$(inherited)",
				);
				GCC_WARN_64_TO_32_BIT_CONVERSION = YES;
				GCC_WARN_ABOUT_RETURN_TYPE = YES_ERROR;
				GCC_WARN_UNDECLARED_SELECTOR = YES;
				GCC_WARN_UNINITIALIZED_AUTOS = YES_AGGRESSIVE;
				GCC_WARN_UNUSED_FUNCTION = YES;
				GCC_WARN_UNUSED_VARIABLE = YES;
				IPHONEOS_DEPLOYMENT_TARGET = 12.0;
				MTL_ENABLE_DEBUG_INFO = INCLUDE_SOURCE;
				MTL_FAST_MATH = YES;
				ONLY_ACTIVE_ARCH = YES;
				SDKROOT = iphoneos;
				SWIFT_ACTIVE_COMPILATION_CONDITIONS = DEBUG;
				SWIFT_OPTIMIZATION_LEVEL = "-Onone";
			};
			name = Debug;
		};
		C22DA7DA21C2A6BE00256576 /* Release */ = {
			isa = XCBuildConfiguration;
			buildSettings = {
				ALWAYS_SEARCH_USER_PATHS = NO;
				CLANG_ANALYZER_NONNULL = YES;
				CLANG_ANALYZER_NUMBER_OBJECT_CONVERSION = YES_AGGRESSIVE;
				CLANG_CXX_LANGUAGE_STANDARD = "gnu++14";
				CLANG_CXX_LIBRARY = "libc++";
				CLANG_ENABLE_MODULES = YES;
				CLANG_ENABLE_OBJC_ARC = YES;
				CLANG_ENABLE_OBJC_WEAK = YES;
				CLANG_WARN_BLOCK_CAPTURE_AUTORELEASING = YES;
				CLANG_WARN_BOOL_CONVERSION = YES;
				CLANG_WARN_COMMA = YES;
				CLANG_WARN_CONSTANT_CONVERSION = YES;
				CLANG_WARN_DEPRECATED_OBJC_IMPLEMENTATIONS = YES;
				CLANG_WARN_DIRECT_OBJC_ISA_USAGE = YES_ERROR;
				CLANG_WARN_DOCUMENTATION_COMMENTS = YES;
				CLANG_WARN_EMPTY_BODY = YES;
				CLANG_WARN_ENUM_CONVERSION = YES;
				CLANG_WARN_INFINITE_RECURSION = YES;
				CLANG_WARN_INT_CONVERSION = YES;
				CLANG_WARN_NON_LITERAL_NULL_CONVERSION = YES;
				CLANG_WARN_OBJC_IMPLICIT_RETAIN_SELF = YES;
				CLANG_WARN_OBJC_LITERAL_CONVERSION = YES;
				CLANG_WARN_OBJC_ROOT_CLASS = YES_ERROR;
				CLANG_WARN_RANGE_LOOP_ANALYSIS = YES;
				CLANG_WARN_STRICT_PROTOTYPES = YES;
				CLANG_WARN_SUSPICIOUS_MOVE = YES;
				CLANG_WARN_UNGUARDED_AVAILABILITY = YES_AGGRESSIVE;
				CLANG_WARN_UNREACHABLE_CODE = YES;
				CLANG_WARN__DUPLICATE_METHOD_MATCH = YES;
				CODE_SIGN_IDENTITY = "iPhone Developer";
				COPY_PHASE_STRIP = NO;
				DEBUG_INFORMATION_FORMAT = "dwarf-with-dsym";
				ENABLE_NS_ASSERTIONS = NO;
				ENABLE_STRICT_OBJC_MSGSEND = YES;
				GCC_C_LANGUAGE_STANDARD = gnu11;
				GCC_NO_COMMON_BLOCKS = YES;
				GCC_WARN_64_TO_32_BIT_CONVERSION = YES;
				GCC_WARN_ABOUT_RETURN_TYPE = YES_ERROR;
				GCC_WARN_UNDECLARED_SELECTOR = YES;
				GCC_WARN_UNINITIALIZED_AUTOS = YES_AGGRESSIVE;
				GCC_WARN_UNUSED_FUNCTION = YES;
				GCC_WARN_UNUSED_VARIABLE = YES;
				IPHONEOS_DEPLOYMENT_TARGET = 12.0;
				MTL_ENABLE_DEBUG_INFO = NO;
				MTL_FAST_MATH = YES;
				SDKROOT = iphoneos;
				SWIFT_COMPILATION_MODE = wholemodule;
				SWIFT_OPTIMIZATION_LEVEL = "-O";
				VALIDATE_PRODUCT = YES;
			};
			name = Release;
		};
		C22DA7DC21C2A6BE00256576 /* Debug */ = {
			isa = XCBuildConfiguration;
			buildSettings = {
				ASSETCATALOG_COMPILER_APPICON_NAME = AppIcon;
				CODE_SIGN_STYLE = Automatic;
				DEVELOPMENT_TEAM = 3TX76W4CSD;
				INFOPLIST_FILE = Metal_Demos/Info.plist;
				IPHONEOS_DEPLOYMENT_TARGET = 11.0;
				LD_RUNPATH_SEARCH_PATHS = (
					"$(inherited)",
					"@executable_path/Frameworks",
				);
				PRODUCT_BUNDLE_IDENTIFIER = "com.TextApp.Metal-Demos";
				PRODUCT_NAME = "$(TARGET_NAME)";
				SWIFT_VERSION = 4.2;
				TARGETED_DEVICE_FAMILY = "1,2";
			};
			name = Debug;
		};
		C22DA7DD21C2A6BE00256576 /* Release */ = {
			isa = XCBuildConfiguration;
			buildSettings = {
				ASSETCATALOG_COMPILER_APPICON_NAME = AppIcon;
				CODE_SIGN_STYLE = Automatic;
				DEVELOPMENT_TEAM = 3TX76W4CSD;
				INFOPLIST_FILE = Metal_Demos/Info.plist;
				IPHONEOS_DEPLOYMENT_TARGET = 11.0;
				LD_RUNPATH_SEARCH_PATHS = (
					"$(inherited)",
					"@executable_path/Frameworks",
				);
				PRODUCT_BUNDLE_IDENTIFIER = "com.TextApp.Metal-Demos";
				PRODUCT_NAME = "$(TARGET_NAME)";
				SWIFT_VERSION = 4.2;
				TARGETED_DEVICE_FAMILY = "1,2";
			};
			name = Release;
		};
		C22DA7F121CE359000256576 /* Debug */ = {
			isa = XCBuildConfiguration;
			buildSettings = {
				ASSETCATALOG_COMPILER_APPICON_NAME = AppIcon;
				CODE_SIGN_STYLE = Automatic;
				DEVELOPMENT_TEAM = 3TX76W4CSD;
				INFOPLIST_FILE = Metal_RenderImage/Info.plist;
				LD_RUNPATH_SEARCH_PATHS = (
					"$(inherited)",
					"@executable_path/Frameworks",
				);
				PRODUCT_BUNDLE_IDENTIFIER = "jj.metal-triangle";
				PRODUCT_NAME = "$(TARGET_NAME)";
				SWIFT_VERSION = 4.2;
				TARGETED_DEVICE_FAMILY = "1,2";
			};
			name = Debug;
		};
		C22DA7F221CE359000256576 /* Release */ = {
			isa = XCBuildConfiguration;
			buildSettings = {
				ASSETCATALOG_COMPILER_APPICON_NAME = AppIcon;
				CODE_SIGN_STYLE = Automatic;
				DEVELOPMENT_TEAM = 3TX76W4CSD;
				INFOPLIST_FILE = Metal_RenderImage/Info.plist;
				LD_RUNPATH_SEARCH_PATHS = (
					"$(inherited)",
					"@executable_path/Frameworks",
				);
				PRODUCT_BUNDLE_IDENTIFIER = "jj.metal-triangle";
				PRODUCT_NAME = "$(TARGET_NAME)";
				SWIFT_VERSION = 4.2;
				TARGETED_DEVICE_FAMILY = "1,2";
			};
			name = Release;
		};
		C2FA9BF121CEABDE006D5EA9 /* Debug */ = {
			isa = XCBuildConfiguration;
			buildSettings = {
				ASSETCATALOG_COMPILER_APPICON_NAME = AppIcon;
				CODE_SIGN_STYLE = Automatic;
				DEVELOPMENT_TEAM = 3TX76W4CSD;
				INFOPLIST_FILE = Metal_Mask/Info.plist;
				LD_RUNPATH_SEARCH_PATHS = (
					"$(inherited)",
					"@executable_path/Frameworks",
				);
				PRODUCT_BUNDLE_IDENTIFIER = "jj.metal-triangle";
				PRODUCT_NAME = "$(TARGET_NAME)";
				SWIFT_VERSION = 4.2;
				TARGETED_DEVICE_FAMILY = "1,2";
			};
			name = Debug;
		};
		C2FA9BF221CEABDE006D5EA9 /* Release */ = {
			isa = XCBuildConfiguration;
			buildSettings = {
				ASSETCATALOG_COMPILER_APPICON_NAME = AppIcon;
				CODE_SIGN_STYLE = Automatic;
				DEVELOPMENT_TEAM = 3TX76W4CSD;
				INFOPLIST_FILE = Metal_Mask/Info.plist;
				LD_RUNPATH_SEARCH_PATHS = (
					"$(inherited)",
					"@executable_path/Frameworks",
				);
				PRODUCT_BUNDLE_IDENTIFIER = "jj.metal-triangle";
				PRODUCT_NAME = "$(TARGET_NAME)";
				SWIFT_VERSION = 4.2;
				TARGETED_DEVICE_FAMILY = "1,2";
			};
			name = Release;
		};
/* End XCBuildConfiguration section */

/* Begin XCConfigurationList section */
		845F693C21CB986600BFD877 /* Build configuration list for PBXNativeTarget "Metal_Colorful" */ = {
			isa = XCConfigurationList;
			buildConfigurations = (
				845F693A21CB986600BFD877 /* Debug */,
				845F693B21CB986600BFD877 /* Release */,
			);
			defaultConfigurationIsVisible = 0;
			defaultConfigurationName = Release;
		};
		849F9E4221C7C70E001F4D2D /* Build configuration list for PBXNativeTarget "Metal_Render封装" */ = {
			isa = XCConfigurationList;
			buildConfigurations = (
				849F9E4321C7C70E001F4D2D /* Debug */,
				849F9E4421C7C70E001F4D2D /* Release */,
			);
			defaultConfigurationIsVisible = 0;
			defaultConfigurationName = Release;
		};
		849F9E5A21C7C8D8001F4D2D /* Build configuration list for PBXNativeTarget "metal_triangle" */ = {
			isa = XCConfigurationList;
			buildConfigurations = (
				849F9E5B21C7C8D8001F4D2D /* Debug */,
				849F9E5C21C7C8D8001F4D2D /* Release */,
			);
			defaultConfigurationIsVisible = 0;
			defaultConfigurationName = Release;
		};
		849F9E7421C7CE10001F4D2D /* Build configuration list for PBXNativeTarget "metal_two_triangle" */ = {
			isa = XCConfigurationList;
			buildConfigurations = (
				849F9E7521C7CE10001F4D2D /* Debug */,
				849F9E7621C7CE10001F4D2D /* Release */,
			);
			defaultConfigurationIsVisible = 0;
			defaultConfigurationName = Release;
		};
		849F9E9221C7D4D8001F4D2D /* Build configuration list for PBXNativeTarget "Metal_animate" */ = {
			isa = XCConfigurationList;
			buildConfigurations = (
				849F9E9321C7D4D8001F4D2D /* Debug */,
				849F9E9421C7D4D8001F4D2D /* Release */,
			);
			defaultConfigurationIsVisible = 0;
			defaultConfigurationName = Release;
		};
		C209AACF21CFB21B00453527 /* Build configuration list for PBXNativeTarget "Metal_2D~3D" */ = {
			isa = XCConfigurationList;
			buildConfigurations = (
				C209AACD21CFB21B00453527 /* Debug */,
				C209AACE21CFB21B00453527 /* Release */,
			);
			defaultConfigurationIsVisible = 0;
			defaultConfigurationName = Release;
		};
		C22DA7C421C2A6BD00256576 /* Build configuration list for PBXProject "Metal_Demos" */ = {
			isa = XCConfigurationList;
			buildConfigurations = (
				C22DA7D921C2A6BE00256576 /* Debug */,
				C22DA7DA21C2A6BE00256576 /* Release */,
			);
			defaultConfigurationIsVisible = 0;
			defaultConfigurationName = Release;
		};
		C22DA7DB21C2A6BE00256576 /* Build configuration list for PBXNativeTarget "Metal_Demos" */ = {
			isa = XCConfigurationList;
			buildConfigurations = (
				C22DA7DC21C2A6BE00256576 /* Debug */,
				C22DA7DD21C2A6BE00256576 /* Release */,
			);
			defaultConfigurationIsVisible = 0;
			defaultConfigurationName = Release;
		};
		C22DA7F321CE359000256576 /* Build configuration list for PBXNativeTarget "Metal_RenderImage" */ = {
			isa = XCConfigurationList;
			buildConfigurations = (
				C22DA7F121CE359000256576 /* Debug */,
				C22DA7F221CE359000256576 /* Release */,
			);
			defaultConfigurationIsVisible = 0;
			defaultConfigurationName = Release;
		};
		C2FA9BF321CEABDE006D5EA9 /* Build configuration list for PBXNativeTarget "Metal_Mask" */ = {
			isa = XCConfigurationList;
			buildConfigurations = (
				C2FA9BF121CEABDE006D5EA9 /* Debug */,
				C2FA9BF221CEABDE006D5EA9 /* Release */,
			);
			defaultConfigurationIsVisible = 0;
			defaultConfigurationName = Release;
		};
/* End XCConfigurationList section */
	};
	rootObject = C22DA7C121C2A6BD00256576 /* Project object */;
}
